// !$*UTF8*$!
{
	archiveVersion = 1;
	classes = {
	};
	objectVersion = 56;
	objects = {

/* Begin PBXBuildFile section */
		BF08A4492ACCC4D000B50DE2 /* ProgressionController.swift in Sources */ = {isa = PBXBuildFile; fileRef = BF08A4482ACCC4D000B50DE2 /* ProgressionController.swift */; };
		BF08A44C2ACDDEFD00B50DE2 /* ProgressionModel.xcdatamodeld in Sources */ = {isa = PBXBuildFile; fileRef = BF08A44A2ACDDEFD00B50DE2 /* ProgressionModel.xcdatamodeld */; };
		BF16851C2AC710CF00D5D7E3 /* ExerciseView.swift in Sources */ = {isa = PBXBuildFile; fileRef = BF16851B2AC710CF00D5D7E3 /* ExerciseView.swift */; };
		BF16851E2AC7117100D5D7E3 /* ProgressBar.swift in Sources */ = {isa = PBXBuildFile; fileRef = BF16851D2AC7117100D5D7E3 /* ProgressBar.swift */; };
		BF1685212AC73A3800D5D7E3 /* FineshedView.swift in Sources */ = {isa = PBXBuildFile; fileRef = BF1685202AC73A3800D5D7E3 /* FineshedView.swift */; };
		BF3146F42AC1F2E900CCFEE5 /* Lesson.swift in Sources */ = {isa = PBXBuildFile; fileRef = BF3146F32AC1F2E900CCFEE5 /* Lesson.swift */; };
		BF3146F62AC1F37E00CCFEE5 /* Exercise.swift in Sources */ = {isa = PBXBuildFile; fileRef = BF3146F52AC1F37E00CCFEE5 /* Exercise.swift */; };
		BF3146FB2AC1FB4000CCFEE5 /* Alternative.swift in Sources */ = {isa = PBXBuildFile; fileRef = BF3146FA2AC1FB4000CCFEE5 /* Alternative.swift */; };
		BF3147022AC1FFD100CCFEE5 /* ContentController.swift in Sources */ = {isa = PBXBuildFile; fileRef = BF3147012AC1FFD100CCFEE5 /* ContentController.swift */; };
		BF3147052AC208FA00CCFEE5 /* SectionView.swift in Sources */ = {isa = PBXBuildFile; fileRef = BF3147042AC208FA00CCFEE5 /* SectionView.swift */; };
		BF52085B2ABE2A6E00FB9F5C /* Phase.swift in Sources */ = {isa = PBXBuildFile; fileRef = BF52085A2ABE2A6E00FB9F5C /* Phase.swift */; };
		BF52085D2ABE2B9100FB9F5C /* Section.swift in Sources */ = {isa = PBXBuildFile; fileRef = BF52085C2ABE2B9100FB9F5C /* Section.swift */; };
		BF591E4D2AC4C07300A1F002 /* ProfileController.swift in Sources */ = {isa = PBXBuildFile; fileRef = BF591E4C2AC4C07300A1F002 /* ProfileController.swift */; };
		BF591E4F2AC4C18000A1F002 /* HomeView.swift in Sources */ = {isa = PBXBuildFile; fileRef = BF591E4E2AC4C18000A1F002 /* HomeView.swift */; };
		BF591E512AC4CAC600A1F002 /* PhaseManagerView.swift in Sources */ = {isa = PBXBuildFile; fileRef = BF591E502AC4CAC600A1F002 /* PhaseManagerView.swift */; };
		BF675AAA2ADEFC46003EC42F /* guitarra.mp3 in Resources */ = {isa = PBXBuildFile; fileRef = BF675AA92ADEFC46003EC42F /* guitarra.mp3 */; };
		BF7646E32AC35841002AD16C /* PhaseButton.swift in Sources */ = {isa = PBXBuildFile; fileRef = BF7646E22AC35841002AD16C /* PhaseButton.swift */; };
		BFCEA0DB2ADDCEDC00663046 /* q.mp3 in Resources */ = {isa = PBXBuildFile; fileRef = BFCEA06A2ADDCED900663046 /* q.mp3 */; };
		BFCEA0DC2ADDCEDC00663046 /* c.mp3 in Resources */ = {isa = PBXBuildFile; fileRef = BFCEA06B2ADDCED900663046 /* c.mp3 */; };
		BFCEA0DD2ADDCEDC00663046 /* m.mp3 in Resources */ = {isa = PBXBuildFile; fileRef = BFCEA06C2ADDCED900663046 /* m.mp3 */; };
		BFCEA0DE2ADDCEDC00663046 /* n.mp3 in Resources */ = {isa = PBXBuildFile; fileRef = BFCEA06D2ADDCED900663046 /* n.mp3 */; };
		BFCEA0DF2ADDCEDC00663046 /* porco.mp3 in Resources */ = {isa = PBXBuildFile; fileRef = BFCEA06E2ADDCED900663046 /* porco.mp3 */; };
		BFCEA0E02ADDCEDC00663046 /* teclado.mp3 in Resources */ = {isa = PBXBuildFile; fileRef = BFCEA06F2ADDCED900663046 /* teclado.mp3 */; };
		BFCEA0E12ADDCEDC00663046 /* cama.mp3 in Resources */ = {isa = PBXBuildFile; fileRef = BFCEA0702ADDCED900663046 /* cama.mp3 */; };
		BFCEA0E22ADDCEDC00663046 /* colchao.mp3 in Resources */ = {isa = PBXBuildFile; fileRef = BFCEA0712ADDCED900663046 /* colchao.mp3 */; };
		BFCEA0E32ADDCEDC00663046 /* lousa.mp3 in Resources */ = {isa = PBXBuildFile; fileRef = BFCEA0722ADDCED900663046 /* lousa.mp3 */; };
		BFCEA0E42ADDCEDC00663046 /* cadeiras.mp3 in Resources */ = {isa = PBXBuildFile; fileRef = BFCEA0732ADDCED900663046 /* cadeiras.mp3 */; };
		BFCEA0E52ADDCEDC00663046 /* carteira.mp3 in Resources */ = {isa = PBXBuildFile; fileRef = BFCEA0742ADDCED900663046 /* carteira.mp3 */; };
		BFCEA0E62ADDCEDC00663046 /* r.mp3 in Resources */ = {isa = PBXBuildFile; fileRef = BFCEA0752ADDCED900663046 /* r.mp3 */; };
		BFCEA0E72ADDCEDC00663046 /* microfone.mp3 in Resources */ = {isa = PBXBuildFile; fileRef = BFCEA0762ADDCED900663046 /* microfone.mp3 */; };
		BFCEA0E82ADDCEDC00663046 /* panela.mp3 in Resources */ = {isa = PBXBuildFile; fileRef = BFCEA0772ADDCED900663046 /* panela.mp3 */; };
		BFCEA0E92ADDCEDC00663046 /* l.mp3 in Resources */ = {isa = PBXBuildFile; fileRef = BFCEA0782ADDCED900663046 /* l.mp3 */; };
		BFCEA0EA2ADDCEDC00663046 /* e.mp3 in Resources */ = {isa = PBXBuildFile; fileRef = BFCEA0792ADDCED900663046 /* e.mp3 */; };
		BFCEA0EB2ADDCEDC00663046 /* televisao.mp3 in Resources */ = {isa = PBXBuildFile; fileRef = BFCEA07A2ADDCED900663046 /* televisao.mp3 */; };
		BFCEA0EC2ADDCEDC00663046 /* faca.mp3 in Resources */ = {isa = PBXBuildFile; fileRef = BFCEA07B2ADDCED900663046 /* faca.mp3 */; };
		BFCEA0ED2ADDCEDC00663046 /* aviao.mp3 in Resources */ = {isa = PBXBuildFile; fileRef = BFCEA07C2ADDCED900663046 /* aviao.mp3 */; };
		BFCEA0EE2ADDCEDC00663046 /* j.mp3 in Resources */ = {isa = PBXBuildFile; fileRef = BFCEA07D2ADDCED900663046 /* j.mp3 */; };
		BFCEA0EF2ADDCEDC00663046 /* estojo.mp3 in Resources */ = {isa = PBXBuildFile; fileRef = BFCEA07E2ADDCED900663046 /* estojo.mp3 */; };
		BFCEA0F02ADDCEDC00663046 /* z.mp3 in Resources */ = {isa = PBXBuildFile; fileRef = BFCEA07F2ADDCED900663046 /* z.mp3 */; };
		BFCEA0F12ADDCEDC00663046 /* geladeira.mp3 in Resources */ = {isa = PBXBuildFile; fileRef = BFCEA0802ADDCED900663046 /* geladeira.mp3 */; };
		BFCEA0F22ADDCEDC00663046 /* estacionamento.mp3 in Resources */ = {isa = PBXBuildFile; fileRef = BFCEA0812ADDCED900663046 /* estacionamento.mp3 */; };
		BFCEA0F32ADDCEDC00663046 /* papel-higienico.mp3 in Resources */ = {isa = PBXBuildFile; fileRef = BFCEA0822ADDCED900663046 /* papel-higienico.mp3 */; };
		BFCEA0F42ADDCEDC00663046 /* alarme.mp3 in Resources */ = {isa = PBXBuildFile; fileRef = BFCEA0832ADDCED900663046 /* alarme.mp3 */; };
		BFCEA0F52ADDCEDC00663046 /* moxila.mp3 in Resources */ = {isa = PBXBuildFile; fileRef = BFCEA0842ADDCED900663046 /* moxila.mp3 */; };
		BFCEA0F62ADDCEDC00663046 /* condicionador.mp3 in Resources */ = {isa = PBXBuildFile; fileRef = BFCEA0852ADDCED900663046 /* condicionador.mp3 */; };
		BFCEA0F72ADDCEDC00663046 /* copo.mp3 in Resources */ = {isa = PBXBuildFile; fileRef = BFCEA0862ADDCED900663046 /* copo.mp3 */; };
		BFCEA0F82ADDCEDC00663046 /* travesseiro.mp3 in Resources */ = {isa = PBXBuildFile; fileRef = BFCEA0872ADDCEDA00663046 /* travesseiro.mp3 */; };
		BFCEA0F92ADDCEDC00663046 /* mesa.mp3 in Resources */ = {isa = PBXBuildFile; fileRef = BFCEA0882ADDCEDA00663046 /* mesa.mp3 */; };
		BFCEA0FA2ADDCEDC00663046 /* onda.mp3 in Resources */ = {isa = PBXBuildFile; fileRef = BFCEA0892ADDCEDA00663046 /* onda.mp3 */; };
		BFCEA0FB2ADDCEDC00663046 /* tigre.mp3 in Resources */ = {isa = PBXBuildFile; fileRef = BFCEA08A2ADDCEDA00663046 /* tigre.mp3 */; };
		BFCEA0FC2ADDCEDC00663046 /* sino.mp3 in Resources */ = {isa = PBXBuildFile; fileRef = BFCEA08B2ADDCEDA00663046 /* sino.mp3 */; };
		BFCEA0FD2ADDCEDC00663046 /* d.mp3 in Resources */ = {isa = PBXBuildFile; fileRef = BFCEA08C2ADDCEDA00663046 /* d.mp3 */; };
		BFCEA0FE2ADDCEDC00663046 /* tapete.mp3 in Resources */ = {isa = PBXBuildFile; fileRef = BFCEA08D2ADDCEDA00663046 /* tapete.mp3 */; };
		BFCEA0FF2ADDCEDC00663046 /* banco.mp3 in Resources */ = {isa = PBXBuildFile; fileRef = BFCEA08E2ADDCEDA00663046 /* banco.mp3 */; };
		BFCEA1002ADDCEDC00663046 /* vento.mp3 in Resources */ = {isa = PBXBuildFile; fileRef = BFCEA08F2ADDCEDA00663046 /* vento.mp3 */; };
		BFCEA1022ADDCEDC00663046 /* arvore.mp3 in Resources */ = {isa = PBXBuildFile; fileRef = BFCEA0912ADDCEDA00663046 /* arvore.mp3 */; };
		BFCEA1032ADDCEDC00663046 /* lago.mp3 in Resources */ = {isa = PBXBuildFile; fileRef = BFCEA0922ADDCEDA00663046 /* lago.mp3 */; };
		BFCEA1042ADDCEDC00663046 /* sol.mp3 in Resources */ = {isa = PBXBuildFile; fileRef = BFCEA0932ADDCEDA00663046 /* sol.mp3 */; };
		BFCEA1052ADDCEDC00663046 /* u.mp3 in Resources */ = {isa = PBXBuildFile; fileRef = BFCEA0942ADDCEDA00663046 /* u.mp3 */; };
		BFCEA1062ADDCEDC00663046 /* basqete.mp3 in Resources */ = {isa = PBXBuildFile; fileRef = BFCEA0952ADDCEDA00663046 /* basqete.mp3 */; };
		BFCEA1072ADDCEDC00663046 /* sabonete.mp3 in Resources */ = {isa = PBXBuildFile; fileRef = BFCEA0962ADDCEDA00663046 /* sabonete.mp3 */; };
		BFCEA1082ADDCEDC00663046 /* presentes.mp3 in Resources */ = {isa = PBXBuildFile; fileRef = BFCEA0972ADDCEDA00663046 /* presentes.mp3 */; };
		BFCEA1092ADDCEDC00663046 /* lapis.mp3 in Resources */ = {isa = PBXBuildFile; fileRef = BFCEA0982ADDCEDA00663046 /* lapis.mp3 */; };
		BFCEA10A2ADDCEDC00663046 /* armario.mp3 in Resources */ = {isa = PBXBuildFile; fileRef = BFCEA0992ADDCEDA00663046 /* armario.mp3 */; };
		BFCEA10B2ADDCEDC00663046 /* vaca.mp3 in Resources */ = {isa = PBXBuildFile; fileRef = BFCEA09A2ADDCEDA00663046 /* vaca.mp3 */; };
		BFCEA10C2ADDCEDC00663046 /* shampoo.mp3 in Resources */ = {isa = PBXBuildFile; fileRef = BFCEA09B2ADDCEDA00663046 /* shampoo.mp3 */; };
		BFCEA10D2ADDCEDC00663046 /* chuva.mp3 in Resources */ = {isa = PBXBuildFile; fileRef = BFCEA09C2ADDCEDA00663046 /* chuva.mp3 */; };
		BFCEA10E2ADDCEDC00663046 /* almofada.mp3 in Resources */ = {isa = PBXBuildFile; fileRef = BFCEA09D2ADDCEDA00663046 /* almofada.mp3 */; };
		BFCEA10F2ADDCEDC00663046 /* piano.mp3 in Resources */ = {isa = PBXBuildFile; fileRef = BFCEA09E2ADDCEDA00663046 /* piano.mp3 */; };
		BFCEA1102ADDCEDC00663046 /* cabra.mp3 in Resources */ = {isa = PBXBuildFile; fileRef = BFCEA09F2ADDCEDA00663046 /* cabra.mp3 */; };
		BFCEA1112ADDCEDC00663046 /* lojas.mp3 in Resources */ = {isa = PBXBuildFile; fileRef = BFCEA0A02ADDCEDA00663046 /* lojas.mp3 */; };
		BFCEA1122ADDCEDC00663046 /* sorvete.mp3 in Resources */ = {isa = PBXBuildFile; fileRef = BFCEA0A12ADDCEDA00663046 /* sorvete.mp3 */; };
		BFCEA1132ADDCEDC00663046 /* toalha.mp3 in Resources */ = {isa = PBXBuildFile; fileRef = BFCEA0A22ADDCEDA00663046 /* toalha.mp3 */; };
		BFCEA1142ADDCEDC00663046 /* quadro.mp3 in Resources */ = {isa = PBXBuildFile; fileRef = BFCEA0A32ADDCEDA00663046 /* quadro.mp3 */; };
		BFCEA1152ADDCEDC00663046 /* sapatos.mp3 in Resources */ = {isa = PBXBuildFile; fileRef = BFCEA0A42ADDCEDA00663046 /* sapatos.mp3 */; };
		BFCEA1162ADDCEDC00663046 /* i.mp3 in Resources */ = {isa = PBXBuildFile; fileRef = BFCEA0A52ADDCEDA00663046 /* i.mp3 */; };
		BFCEA1172ADDCEDC00663046 /* algodao-doce.mp3 in Resources */ = {isa = PBXBuildFile; fileRef = BFCEA0A62ADDCEDA00663046 /* algodao-doce.mp3 */; };
		BFCEA1182ADDCEDC00663046 /* buzina.mp3 in Resources */ = {isa = PBXBuildFile; fileRef = BFCEA0A72ADDCEDA00663046 /* buzina.mp3 */; };
		BFCEA1192ADDCEDC00663046 /* flauta.mp3 in Resources */ = {isa = PBXBuildFile; fileRef = BFCEA0A82ADDCEDA00663046 /* flauta.mp3 */; };
		BFCEA11A2ADDCEDC00663046 /* ovelha.mp3 in Resources */ = {isa = PBXBuildFile; fileRef = BFCEA0A92ADDCEDA00663046 /* ovelha.mp3 */; };
		BFCEA11B2ADDCEDC00663046 /* k.mp3 in Resources */ = {isa = PBXBuildFile; fileRef = BFCEA0AA2ADDCEDA00663046 /* k.mp3 */; };
		BFCEA11C2ADDCEDC00663046 /* bicicleta.mp3 in Resources */ = {isa = PBXBuildFile; fileRef = BFCEA0AB2ADDCEDB00663046 /* bicicleta.mp3 */; };
		BFCEA11D2ADDCEDC00663046 /* v.mp3 in Resources */ = {isa = PBXBuildFile; fileRef = BFCEA0AC2ADDCEDB00663046 /* v.mp3 */; };
		BFCEA11E2ADDCEDC00663046 /* roupas.mp3 in Resources */ = {isa = PBXBuildFile; fileRef = BFCEA0AD2ADDCEDB00663046 /* roupas.mp3 */; };
		BFCEA11F2ADDCEDC00663046 /* f.mp3 in Resources */ = {isa = PBXBuildFile; fileRef = BFCEA0AE2ADDCEDB00663046 /* f.mp3 */; };
		BFCEA1202ADDCEDC00663046 /* garfo.mp3 in Resources */ = {isa = PBXBuildFile; fileRef = BFCEA0AF2ADDCEDB00663046 /* garfo.mp3 */; };
		BFCEA1212ADDCEDC00663046 /* volei.mp3 in Resources */ = {isa = PBXBuildFile; fileRef = BFCEA0B02ADDCEDB00663046 /* volei.mp3 */; };
		BFCEA1222ADDCEDC00663046 /* abajur.mp3 in Resources */ = {isa = PBXBuildFile; fileRef = BFCEA0B12ADDCEDB00663046 /* abajur.mp3 */; };
		BFCEA1232ADDCEDC00663046 /* sofa.mp3 in Resources */ = {isa = PBXBuildFile; fileRef = BFCEA0B22ADDCEDB00663046 /* sofa.mp3 */; };
		BFCEA1242ADDCEDC00663046 /* coler.mp3 in Resources */ = {isa = PBXBuildFile; fileRef = BFCEA0B32ADDCEDB00663046 /* coler.mp3 */; };
		BFCEA1252ADDCEDC00663046 /* galinha.mp3 in Resources */ = {isa = PBXBuildFile; fileRef = BFCEA0B42ADDCEDB00663046 /* galinha.mp3 */; };
		BFCEA1262ADDCEDC00663046 /* t.mp3 in Resources */ = {isa = PBXBuildFile; fileRef = BFCEA0B52ADDCEDB00663046 /* t.mp3 */; };
		BFCEA1272ADDCEDC00663046 /* musica.mp3 in Resources */ = {isa = PBXBuildFile; fileRef = BFCEA0B62ADDCEDB00663046 /* musica.mp3 */; };
		BFCEA1282ADDCEDC00663046 /* privada.mp3 in Resources */ = {isa = PBXBuildFile; fileRef = BFCEA0B72ADDCEDB00663046 /* privada.mp3 */; };
		BFCEA1292ADDCEDC00663046 /* cesta.mp3 in Resources */ = {isa = PBXBuildFile; fileRef = BFCEA0B82ADDCEDB00663046 /* cesta.mp3 */; };
		BFCEA12A2ADDCEDC00663046 /* campainha.mp3 in Resources */ = {isa = PBXBuildFile; fileRef = BFCEA0B92ADDCEDB00663046 /* campainha.mp3 */; };
		BFCEA12B2ADDCEDC00663046 /* espelho.mp3 in Resources */ = {isa = PBXBuildFile; fileRef = BFCEA0BA2ADDCEDB00663046 /* espelho.mp3 */; };
		BFCEA12C2ADDCEDC00663046 /* cruz.mp3 in Resources */ = {isa = PBXBuildFile; fileRef = BFCEA0BB2ADDCEDB00663046 /* cruz.mp3 */; };
		BFCEA12D2ADDCEDC00663046 /* x.mp3 in Resources */ = {isa = PBXBuildFile; fileRef = BFCEA0BC2ADDCEDB00663046 /* x.mp3 */; };
		BFCEA12E2ADDCEDC00663046 /* guarda-sol.mp3 in Resources */ = {isa = PBXBuildFile; fileRef = BFCEA0BD2ADDCEDB00663046 /* guarda-sol.mp3 */; };
		BFCEA12F2ADDCEDC00663046 /* biblia.mp3 in Resources */ = {isa = PBXBuildFile; fileRef = BFCEA0BE2ADDCEDB00663046 /* biblia.mp3 */; };
		BFCEA1302ADDCEDC00663046 /* mar.mp3 in Resources */ = {isa = PBXBuildFile; fileRef = BFCEA0BF2ADDCEDB00663046 /* mar.mp3 */; };
		BFCEA1312ADDCEDC00663046 /* futebol.mp3 in Resources */ = {isa = PBXBuildFile; fileRef = BFCEA0C02ADDCEDB00663046 /* futebol.mp3 */; };
		BFCEA1322ADDCEDC00663046 /* o.mp3 in Resources */ = {isa = PBXBuildFile; fileRef = BFCEA0C12ADDCEDB00663046 /* o.mp3 */; };
		BFCEA1332ADDCEDC00663046 /* p.mp3 in Resources */ = {isa = PBXBuildFile; fileRef = BFCEA0C22ADDCEDB00663046 /* p.mp3 */; };
		BFCEA1342ADDCEDC00663046 /* s.mp3 in Resources */ = {isa = PBXBuildFile; fileRef = BFCEA0C32ADDCEDB00663046 /* s.mp3 */; };
		BFCEA1352ADDCEDC00663046 /* fogao.mp3 in Resources */ = {isa = PBXBuildFile; fileRef = BFCEA0C42ADDCEDB00663046 /* fogao.mp3 */; };
		BFCEA1362ADDCEDC00663046 /* caderno.mp3 in Resources */ = {isa = PBXBuildFile; fileRef = BFCEA0C52ADDCEDB00663046 /* caderno.mp3 */; };
		BFCEA1372ADDCEDC00663046 /* bateria.mp3 in Resources */ = {isa = PBXBuildFile; fileRef = BFCEA0C62ADDCEDB00663046 /* bateria.mp3 */; };
		BFCEA1382ADDCEDC00663046 /* escada-rolante.mp3 in Resources */ = {isa = PBXBuildFile; fileRef = BFCEA0C72ADDCEDB00663046 /* escada-rolante.mp3 */; };
		BFCEA1392ADDCEDC00663046 /* g.mp3 in Resources */ = {isa = PBXBuildFile; fileRef = BFCEA0C82ADDCEDB00663046 /* g.mp3 */; };
		BFCEA13A2ADDCEDC00663046 /* praca-alimentacao.mp3 in Resources */ = {isa = PBXBuildFile; fileRef = BFCEA0C92ADDCEDB00663046 /* praca-alimentacao.mp3 */; };
		BFCEA13B2ADDCEDC00663046 /* boia.mp3 in Resources */ = {isa = PBXBuildFile; fileRef = BFCEA0CA2ADDCEDB00663046 /* boia.mp3 */; };
		BFCEA13C2ADDCEDC00663046 /* borracha.mp3 in Resources */ = {isa = PBXBuildFile; fileRef = BFCEA0CB2ADDCEDB00663046 /* borracha.mp3 */; };
		BFCEA13D2ADDCEDC00663046 /* trovao.mp3 in Resources */ = {isa = PBXBuildFile; fileRef = BFCEA0CC2ADDCEDC00663046 /* trovao.mp3 */; };
		BFCEA13E2ADDCEDC00663046 /* cortina.mp3 in Resources */ = {isa = PBXBuildFile; fileRef = BFCEA0CD2ADDCEDC00663046 /* cortina.mp3 */; };
		BFCEA13F2ADDCEDC00663046 /* gato.mp3 in Resources */ = {isa = PBXBuildFile; fileRef = BFCEA0CE2ADDCEDC00663046 /* gato.mp3 */; };
		BFCEA1402ADDCEDC00663046 /* b.mp3 in Resources */ = {isa = PBXBuildFile; fileRef = BFCEA0CF2ADDCEDC00663046 /* b.mp3 */; };
		BFCEA1412ADDCEDC00663046 /* controle-remoto.mp3 in Resources */ = {isa = PBXBuildFile; fileRef = BFCEA0D02ADDCEDC00663046 /* controle-remoto.mp3 */; };
		BFCEA1422ADDCEDC00663046 /* chuveiro.mp3 in Resources */ = {isa = PBXBuildFile; fileRef = BFCEA0D12ADDCEDC00663046 /* chuveiro.mp3 */; };
		BFCEA1432ADDCEDC00663046 /* elevador.mp3 in Resources */ = {isa = PBXBuildFile; fileRef = BFCEA0D22ADDCEDC00663046 /* elevador.mp3 */; };
		BFCEA1442ADDCEDC00663046 /* telefone.mp3 in Resources */ = {isa = PBXBuildFile; fileRef = BFCEA0D32ADDCEDC00663046 /* telefone.mp3 */; };
		BFCEA1452ADDCEDC00663046 /* piquenique.mp3 in Resources */ = {isa = PBXBuildFile; fileRef = BFCEA0D42ADDCEDC00663046 /* piquenique.mp3 */; };
		BFCEA1462ADDCEDC00663046 /* relogio.mp3 in Resources */ = {isa = PBXBuildFile; fileRef = BFCEA0D52ADDCEDC00663046 /* relogio.mp3 */; };
		BFCEA1472ADDCEDC00663046 /* biquini.mp3 in Resources */ = {isa = PBXBuildFile; fileRef = BFCEA0D62ADDCEDC00663046 /* biquini.mp3 */; };
		BFCEA1482ADDCEDC00663046 /* areia.mp3 in Resources */ = {isa = PBXBuildFile; fileRef = BFCEA0D72ADDCEDC00663046 /* areia.mp3 */; };
		BFCEA1492ADDCEDC00663046 /* caneta.mp3 in Resources */ = {isa = PBXBuildFile; fileRef = BFCEA0D82ADDCEDC00663046 /* caneta.mp3 */; };
		BFCEA14A2ADDCEDC00663046 /* a.mp3 in Resources */ = {isa = PBXBuildFile; fileRef = BFCEA0D92ADDCEDC00663046 /* a.mp3 */; };
		BFCEA14B2ADDCEDC00663046 /* bola.mp3 in Resources */ = {isa = PBXBuildFile; fileRef = BFCEA0DA2ADDCEDC00663046 /* bola.mp3 */; };
		BFE802642ACB316800A33A7B /* ExerciseSoundButton.swift in Sources */ = {isa = PBXBuildFile; fileRef = BFE802632ACB316800A33A7B /* ExerciseSoundButton.swift */; };
		BFF53F6F2AD5E70700AFA543 /* FrogTalking.swift in Sources */ = {isa = PBXBuildFile; fileRef = BFF53F6E2AD5E70700AFA543 /* FrogTalking.swift */; };
		BFF53F712AD5EBD000AFA543 /* LessonView.swift in Sources */ = {isa = PBXBuildFile; fileRef = BFF53F702AD5EBD000AFA543 /* LessonView.swift */; };
		BFF8159E2ABE0D1A00ACF5A7 /* SoundfyApp.swift in Sources */ = {isa = PBXBuildFile; fileRef = BFF8159D2ABE0D1A00ACF5A7 /* SoundfyApp.swift */; };
		BFF815A02ABE0D1A00ACF5A7 /* ContentView.swift in Sources */ = {isa = PBXBuildFile; fileRef = BFF8159F2ABE0D1A00ACF5A7 /* ContentView.swift */; };
		BFF815A22ABE0D1A00ACF5A7 /* Assets.xcassets in Resources */ = {isa = PBXBuildFile; fileRef = BFF815A12ABE0D1A00ACF5A7 /* Assets.xcassets */; };
		BFF815A52ABE0D1A00ACF5A7 /* Preview Assets.xcassets in Resources */ = {isa = PBXBuildFile; fileRef = BFF815A42ABE0D1A00ACF5A7 /* Preview Assets.xcassets */; };
		E53720D82AC60C1E00579F6C /* AlternativeButton.swift in Sources */ = {isa = PBXBuildFile; fileRef = E53720D72AC60C1E00579F6C /* AlternativeButton.swift */; };
		E53720DA2AC60D6400579F6C /* PlayButton.swift in Sources */ = {isa = PBXBuildFile; fileRef = E53720D92AC60D6400579F6C /* PlayButton.swift */; };
		E53720DE2AC74DDE00579F6C /* SoundButton.swift in Sources */ = {isa = PBXBuildFile; fileRef = E53720DD2AC74DDE00579F6C /* SoundButton.swift */; };
		E5A22C502ACB618C0079C432 /* Quicksand-Regular.ttf in Resources */ = {isa = PBXBuildFile; fileRef = E5A22C4F2ACB60AF0079C432 /* Quicksand-Regular.ttf */; };
		E5A22C512ACB618E0079C432 /* Quicksand-Bold.ttf in Resources */ = {isa = PBXBuildFile; fileRef = E5A22C4E2ACB60AE0079C432 /* Quicksand-Bold.ttf */; };
		E5AB74432AC21F8A00006406 /* TrailView.swift in Sources */ = {isa = PBXBuildFile; fileRef = E5AB74422AC21F8A00006406 /* TrailView.swift */; };
		E5AB74452AC21F9B00006406 /* ProfileView.swift in Sources */ = {isa = PBXBuildFile; fileRef = E5AB74442AC21F9B00006406 /* ProfileView.swift */; };
		E5B719B42AD73EB900449687 /* vazio.mp3 in Resources */ = {isa = PBXBuildFile; fileRef = E5B719B32AD73EB900449687 /* vazio.mp3 */; };
/* End PBXBuildFile section */

/* Begin PBXFileReference section */
		BF08A4482ACCC4D000B50DE2 /* ProgressionController.swift */ = {isa = PBXFileReference; lastKnownFileType = sourcecode.swift; path = ProgressionController.swift; sourceTree = "<group>"; };
		BF08A44B2ACDDEFD00B50DE2 /* ProgressionModel.xcdatamodel */ = {isa = PBXFileReference; lastKnownFileType = wrapper.xcdatamodel; path = ProgressionModel.xcdatamodel; sourceTree = "<group>"; };
		BF16851B2AC710CF00D5D7E3 /* ExerciseView.swift */ = {isa = PBXFileReference; lastKnownFileType = sourcecode.swift; path = ExerciseView.swift; sourceTree = "<group>"; };
		BF16851D2AC7117100D5D7E3 /* ProgressBar.swift */ = {isa = PBXFileReference; lastKnownFileType = sourcecode.swift; path = ProgressBar.swift; sourceTree = "<group>"; };
		BF1685202AC73A3800D5D7E3 /* FineshedView.swift */ = {isa = PBXFileReference; lastKnownFileType = sourcecode.swift; path = FineshedView.swift; sourceTree = "<group>"; };
		BF3146F32AC1F2E900CCFEE5 /* Lesson.swift */ = {isa = PBXFileReference; lastKnownFileType = sourcecode.swift; path = Lesson.swift; sourceTree = "<group>"; };
		BF3146F52AC1F37E00CCFEE5 /* Exercise.swift */ = {isa = PBXFileReference; lastKnownFileType = sourcecode.swift; path = Exercise.swift; sourceTree = "<group>"; };
		BF3146FA2AC1FB4000CCFEE5 /* Alternative.swift */ = {isa = PBXFileReference; lastKnownFileType = sourcecode.swift; path = Alternative.swift; sourceTree = "<group>"; };
		BF3147012AC1FFD100CCFEE5 /* ContentController.swift */ = {isa = PBXFileReference; lastKnownFileType = sourcecode.swift; path = ContentController.swift; sourceTree = "<group>"; };
		BF3147042AC208FA00CCFEE5 /* SectionView.swift */ = {isa = PBXFileReference; lastKnownFileType = sourcecode.swift; path = SectionView.swift; sourceTree = "<group>"; };
		BF52085A2ABE2A6E00FB9F5C /* Phase.swift */ = {isa = PBXFileReference; lastKnownFileType = sourcecode.swift; path = Phase.swift; sourceTree = "<group>"; };
		BF52085C2ABE2B9100FB9F5C /* Section.swift */ = {isa = PBXFileReference; lastKnownFileType = sourcecode.swift; path = Section.swift; sourceTree = "<group>"; };
		BF591E4C2AC4C07300A1F002 /* ProfileController.swift */ = {isa = PBXFileReference; lastKnownFileType = sourcecode.swift; path = ProfileController.swift; sourceTree = "<group>"; };
		BF591E4E2AC4C18000A1F002 /* HomeView.swift */ = {isa = PBXFileReference; lastKnownFileType = sourcecode.swift; path = HomeView.swift; sourceTree = "<group>"; };
		BF591E502AC4CAC600A1F002 /* PhaseManagerView.swift */ = {isa = PBXFileReference; lastKnownFileType = sourcecode.swift; path = PhaseManagerView.swift; sourceTree = "<group>"; };
		BF675AA92ADEFC46003EC42F /* guitarra.mp3 */ = {isa = PBXFileReference; lastKnownFileType = audio.mp3; path = guitarra.mp3; sourceTree = "<group>"; };
		BF7646E22AC35841002AD16C /* PhaseButton.swift */ = {isa = PBXFileReference; lastKnownFileType = sourcecode.swift; path = PhaseButton.swift; sourceTree = "<group>"; };
		BFCEA06A2ADDCED900663046 /* q.mp3 */ = {isa = PBXFileReference; lastKnownFileType = audio.mp3; path = q.mp3; sourceTree = "<group>"; };
		BFCEA06B2ADDCED900663046 /* c.mp3 */ = {isa = PBXFileReference; lastKnownFileType = audio.mp3; path = c.mp3; sourceTree = "<group>"; };
		BFCEA06C2ADDCED900663046 /* m.mp3 */ = {isa = PBXFileReference; lastKnownFileType = audio.mp3; path = m.mp3; sourceTree = "<group>"; };
		BFCEA06D2ADDCED900663046 /* n.mp3 */ = {isa = PBXFileReference; lastKnownFileType = audio.mp3; path = n.mp3; sourceTree = "<group>"; };
		BFCEA06E2ADDCED900663046 /* porco.mp3 */ = {isa = PBXFileReference; lastKnownFileType = audio.mp3; path = porco.mp3; sourceTree = "<group>"; };
		BFCEA06F2ADDCED900663046 /* teclado.mp3 */ = {isa = PBXFileReference; lastKnownFileType = audio.mp3; path = teclado.mp3; sourceTree = "<group>"; };
		BFCEA0702ADDCED900663046 /* cama.mp3 */ = {isa = PBXFileReference; lastKnownFileType = audio.mp3; path = cama.mp3; sourceTree = "<group>"; };
		BFCEA0712ADDCED900663046 /* colchao.mp3 */ = {isa = PBXFileReference; lastKnownFileType = audio.mp3; path = colchao.mp3; sourceTree = "<group>"; };
		BFCEA0722ADDCED900663046 /* lousa.mp3 */ = {isa = PBXFileReference; lastKnownFileType = audio.mp3; path = lousa.mp3; sourceTree = "<group>"; };
		BFCEA0732ADDCED900663046 /* cadeiras.mp3 */ = {isa = PBXFileReference; lastKnownFileType = audio.mp3; path = cadeiras.mp3; sourceTree = "<group>"; };
		BFCEA0742ADDCED900663046 /* carteira.mp3 */ = {isa = PBXFileReference; lastKnownFileType = audio.mp3; path = carteira.mp3; sourceTree = "<group>"; };
		BFCEA0752ADDCED900663046 /* r.mp3 */ = {isa = PBXFileReference; lastKnownFileType = audio.mp3; path = r.mp3; sourceTree = "<group>"; };
		BFCEA0762ADDCED900663046 /* microfone.mp3 */ = {isa = PBXFileReference; lastKnownFileType = audio.mp3; path = microfone.mp3; sourceTree = "<group>"; };
		BFCEA0772ADDCED900663046 /* panela.mp3 */ = {isa = PBXFileReference; lastKnownFileType = audio.mp3; path = panela.mp3; sourceTree = "<group>"; };
		BFCEA0782ADDCED900663046 /* l.mp3 */ = {isa = PBXFileReference; lastKnownFileType = audio.mp3; path = l.mp3; sourceTree = "<group>"; };
		BFCEA0792ADDCED900663046 /* e.mp3 */ = {isa = PBXFileReference; lastKnownFileType = audio.mp3; path = e.mp3; sourceTree = "<group>"; };
		BFCEA07A2ADDCED900663046 /* televisao.mp3 */ = {isa = PBXFileReference; lastKnownFileType = audio.mp3; path = televisao.mp3; sourceTree = "<group>"; };
		BFCEA07B2ADDCED900663046 /* faca.mp3 */ = {isa = PBXFileReference; lastKnownFileType = audio.mp3; path = faca.mp3; sourceTree = "<group>"; };
		BFCEA07C2ADDCED900663046 /* aviao.mp3 */ = {isa = PBXFileReference; lastKnownFileType = audio.mp3; path = aviao.mp3; sourceTree = "<group>"; };
		BFCEA07D2ADDCED900663046 /* j.mp3 */ = {isa = PBXFileReference; lastKnownFileType = audio.mp3; path = j.mp3; sourceTree = "<group>"; };
		BFCEA07E2ADDCED900663046 /* estojo.mp3 */ = {isa = PBXFileReference; lastKnownFileType = audio.mp3; path = estojo.mp3; sourceTree = "<group>"; };
		BFCEA07F2ADDCED900663046 /* z.mp3 */ = {isa = PBXFileReference; lastKnownFileType = audio.mp3; path = z.mp3; sourceTree = "<group>"; };
		BFCEA0802ADDCED900663046 /* geladeira.mp3 */ = {isa = PBXFileReference; lastKnownFileType = audio.mp3; path = geladeira.mp3; sourceTree = "<group>"; };
		BFCEA0812ADDCED900663046 /* estacionamento.mp3 */ = {isa = PBXFileReference; lastKnownFileType = audio.mp3; path = estacionamento.mp3; sourceTree = "<group>"; };
		BFCEA0822ADDCED900663046 /* papel-higienico.mp3 */ = {isa = PBXFileReference; lastKnownFileType = audio.mp3; path = "papel-higienico.mp3"; sourceTree = "<group>"; };
		BFCEA0832ADDCED900663046 /* alarme.mp3 */ = {isa = PBXFileReference; lastKnownFileType = audio.mp3; path = alarme.mp3; sourceTree = "<group>"; };
		BFCEA0842ADDCED900663046 /* moxila.mp3 */ = {isa = PBXFileReference; lastKnownFileType = audio.mp3; path = moxila.mp3; sourceTree = "<group>"; };
		BFCEA0852ADDCED900663046 /* condicionador.mp3 */ = {isa = PBXFileReference; lastKnownFileType = audio.mp3; path = condicionador.mp3; sourceTree = "<group>"; };
		BFCEA0862ADDCED900663046 /* copo.mp3 */ = {isa = PBXFileReference; lastKnownFileType = audio.mp3; path = copo.mp3; sourceTree = "<group>"; };
		BFCEA0872ADDCEDA00663046 /* travesseiro.mp3 */ = {isa = PBXFileReference; lastKnownFileType = audio.mp3; path = travesseiro.mp3; sourceTree = "<group>"; };
		BFCEA0882ADDCEDA00663046 /* mesa.mp3 */ = {isa = PBXFileReference; lastKnownFileType = audio.mp3; path = mesa.mp3; sourceTree = "<group>"; };
		BFCEA0892ADDCEDA00663046 /* onda.mp3 */ = {isa = PBXFileReference; lastKnownFileType = audio.mp3; path = onda.mp3; sourceTree = "<group>"; };
		BFCEA08A2ADDCEDA00663046 /* tigre.mp3 */ = {isa = PBXFileReference; lastKnownFileType = audio.mp3; path = tigre.mp3; sourceTree = "<group>"; };
		BFCEA08B2ADDCEDA00663046 /* sino.mp3 */ = {isa = PBXFileReference; lastKnownFileType = audio.mp3; path = sino.mp3; sourceTree = "<group>"; };
		BFCEA08C2ADDCEDA00663046 /* d.mp3 */ = {isa = PBXFileReference; lastKnownFileType = audio.mp3; path = d.mp3; sourceTree = "<group>"; };
		BFCEA08D2ADDCEDA00663046 /* tapete.mp3 */ = {isa = PBXFileReference; lastKnownFileType = audio.mp3; path = tapete.mp3; sourceTree = "<group>"; };
		BFCEA08E2ADDCEDA00663046 /* banco.mp3 */ = {isa = PBXFileReference; lastKnownFileType = audio.mp3; path = banco.mp3; sourceTree = "<group>"; };
		BFCEA08F2ADDCEDA00663046 /* vento.mp3 */ = {isa = PBXFileReference; lastKnownFileType = audio.mp3; path = vento.mp3; sourceTree = "<group>"; };
		BFCEA0912ADDCEDA00663046 /* arvore.mp3 */ = {isa = PBXFileReference; lastKnownFileType = audio.mp3; path = arvore.mp3; sourceTree = "<group>"; };
		BFCEA0922ADDCEDA00663046 /* lago.mp3 */ = {isa = PBXFileReference; lastKnownFileType = audio.mp3; path = lago.mp3; sourceTree = "<group>"; };
		BFCEA0932ADDCEDA00663046 /* sol.mp3 */ = {isa = PBXFileReference; lastKnownFileType = audio.mp3; path = sol.mp3; sourceTree = "<group>"; };
		BFCEA0942ADDCEDA00663046 /* u.mp3 */ = {isa = PBXFileReference; lastKnownFileType = audio.mp3; path = u.mp3; sourceTree = "<group>"; };
		BFCEA0952ADDCEDA00663046 /* basqete.mp3 */ = {isa = PBXFileReference; lastKnownFileType = audio.mp3; path = basqete.mp3; sourceTree = "<group>"; };
		BFCEA0962ADDCEDA00663046 /* sabonete.mp3 */ = {isa = PBXFileReference; lastKnownFileType = audio.mp3; path = sabonete.mp3; sourceTree = "<group>"; };
		BFCEA0972ADDCEDA00663046 /* presentes.mp3 */ = {isa = PBXFileReference; lastKnownFileType = audio.mp3; path = presentes.mp3; sourceTree = "<group>"; };
		BFCEA0982ADDCEDA00663046 /* lapis.mp3 */ = {isa = PBXFileReference; lastKnownFileType = audio.mp3; path = lapis.mp3; sourceTree = "<group>"; };
		BFCEA0992ADDCEDA00663046 /* armario.mp3 */ = {isa = PBXFileReference; lastKnownFileType = audio.mp3; path = armario.mp3; sourceTree = "<group>"; };
		BFCEA09A2ADDCEDA00663046 /* vaca.mp3 */ = {isa = PBXFileReference; lastKnownFileType = audio.mp3; path = vaca.mp3; sourceTree = "<group>"; };
		BFCEA09B2ADDCEDA00663046 /* shampoo.mp3 */ = {isa = PBXFileReference; lastKnownFileType = audio.mp3; path = shampoo.mp3; sourceTree = "<group>"; };
		BFCEA09C2ADDCEDA00663046 /* chuva.mp3 */ = {isa = PBXFileReference; lastKnownFileType = audio.mp3; path = chuva.mp3; sourceTree = "<group>"; };
		BFCEA09D2ADDCEDA00663046 /* almofada.mp3 */ = {isa = PBXFileReference; lastKnownFileType = audio.mp3; path = almofada.mp3; sourceTree = "<group>"; };
		BFCEA09E2ADDCEDA00663046 /* piano.mp3 */ = {isa = PBXFileReference; lastKnownFileType = audio.mp3; path = piano.mp3; sourceTree = "<group>"; };
		BFCEA09F2ADDCEDA00663046 /* cabra.mp3 */ = {isa = PBXFileReference; lastKnownFileType = audio.mp3; path = cabra.mp3; sourceTree = "<group>"; };
		BFCEA0A02ADDCEDA00663046 /* lojas.mp3 */ = {isa = PBXFileReference; lastKnownFileType = audio.mp3; path = lojas.mp3; sourceTree = "<group>"; };
		BFCEA0A12ADDCEDA00663046 /* sorvete.mp3 */ = {isa = PBXFileReference; lastKnownFileType = audio.mp3; path = sorvete.mp3; sourceTree = "<group>"; };
		BFCEA0A22ADDCEDA00663046 /* toalha.mp3 */ = {isa = PBXFileReference; lastKnownFileType = audio.mp3; path = toalha.mp3; sourceTree = "<group>"; };
		BFCEA0A32ADDCEDA00663046 /* quadro.mp3 */ = {isa = PBXFileReference; lastKnownFileType = audio.mp3; path = quadro.mp3; sourceTree = "<group>"; };
		BFCEA0A42ADDCEDA00663046 /* sapatos.mp3 */ = {isa = PBXFileReference; lastKnownFileType = audio.mp3; path = sapatos.mp3; sourceTree = "<group>"; };
		BFCEA0A52ADDCEDA00663046 /* i.mp3 */ = {isa = PBXFileReference; lastKnownFileType = audio.mp3; path = i.mp3; sourceTree = "<group>"; };
		BFCEA0A62ADDCEDA00663046 /* algodao-doce.mp3 */ = {isa = PBXFileReference; lastKnownFileType = audio.mp3; path = "algodao-doce.mp3"; sourceTree = "<group>"; };
		BFCEA0A72ADDCEDA00663046 /* buzina.mp3 */ = {isa = PBXFileReference; lastKnownFileType = audio.mp3; path = buzina.mp3; sourceTree = "<group>"; };
		BFCEA0A82ADDCEDA00663046 /* flauta.mp3 */ = {isa = PBXFileReference; lastKnownFileType = audio.mp3; path = flauta.mp3; sourceTree = "<group>"; };
		BFCEA0A92ADDCEDA00663046 /* ovelha.mp3 */ = {isa = PBXFileReference; lastKnownFileType = audio.mp3; path = ovelha.mp3; sourceTree = "<group>"; };
		BFCEA0AA2ADDCEDA00663046 /* k.mp3 */ = {isa = PBXFileReference; lastKnownFileType = audio.mp3; path = k.mp3; sourceTree = "<group>"; };
		BFCEA0AB2ADDCEDB00663046 /* bicicleta.mp3 */ = {isa = PBXFileReference; lastKnownFileType = audio.mp3; path = bicicleta.mp3; sourceTree = "<group>"; };
		BFCEA0AC2ADDCEDB00663046 /* v.mp3 */ = {isa = PBXFileReference; lastKnownFileType = audio.mp3; path = v.mp3; sourceTree = "<group>"; };
		BFCEA0AD2ADDCEDB00663046 /* roupas.mp3 */ = {isa = PBXFileReference; lastKnownFileType = audio.mp3; path = roupas.mp3; sourceTree = "<group>"; };
		BFCEA0AE2ADDCEDB00663046 /* f.mp3 */ = {isa = PBXFileReference; lastKnownFileType = audio.mp3; path = f.mp3; sourceTree = "<group>"; };
		BFCEA0AF2ADDCEDB00663046 /* garfo.mp3 */ = {isa = PBXFileReference; lastKnownFileType = audio.mp3; path = garfo.mp3; sourceTree = "<group>"; };
		BFCEA0B02ADDCEDB00663046 /* volei.mp3 */ = {isa = PBXFileReference; lastKnownFileType = audio.mp3; path = volei.mp3; sourceTree = "<group>"; };
		BFCEA0B12ADDCEDB00663046 /* abajur.mp3 */ = {isa = PBXFileReference; lastKnownFileType = audio.mp3; path = abajur.mp3; sourceTree = "<group>"; };
		BFCEA0B22ADDCEDB00663046 /* sofa.mp3 */ = {isa = PBXFileReference; lastKnownFileType = audio.mp3; path = sofa.mp3; sourceTree = "<group>"; };
		BFCEA0B32ADDCEDB00663046 /* coler.mp3 */ = {isa = PBXFileReference; lastKnownFileType = audio.mp3; path = coler.mp3; sourceTree = "<group>"; };
		BFCEA0B42ADDCEDB00663046 /* galinha.mp3 */ = {isa = PBXFileReference; lastKnownFileType = audio.mp3; path = galinha.mp3; sourceTree = "<group>"; };
		BFCEA0B52ADDCEDB00663046 /* t.mp3 */ = {isa = PBXFileReference; lastKnownFileType = audio.mp3; path = t.mp3; sourceTree = "<group>"; };
		BFCEA0B62ADDCEDB00663046 /* musica.mp3 */ = {isa = PBXFileReference; lastKnownFileType = audio.mp3; path = musica.mp3; sourceTree = "<group>"; };
		BFCEA0B72ADDCEDB00663046 /* privada.mp3 */ = {isa = PBXFileReference; lastKnownFileType = audio.mp3; path = privada.mp3; sourceTree = "<group>"; };
		BFCEA0B82ADDCEDB00663046 /* cesta.mp3 */ = {isa = PBXFileReference; lastKnownFileType = audio.mp3; path = cesta.mp3; sourceTree = "<group>"; };
		BFCEA0B92ADDCEDB00663046 /* campainha.mp3 */ = {isa = PBXFileReference; lastKnownFileType = audio.mp3; path = campainha.mp3; sourceTree = "<group>"; };
		BFCEA0BA2ADDCEDB00663046 /* espelho.mp3 */ = {isa = PBXFileReference; lastKnownFileType = audio.mp3; path = espelho.mp3; sourceTree = "<group>"; };
		BFCEA0BB2ADDCEDB00663046 /* cruz.mp3 */ = {isa = PBXFileReference; lastKnownFileType = audio.mp3; path = cruz.mp3; sourceTree = "<group>"; };
		BFCEA0BC2ADDCEDB00663046 /* x.mp3 */ = {isa = PBXFileReference; lastKnownFileType = audio.mp3; path = x.mp3; sourceTree = "<group>"; };
		BFCEA0BD2ADDCEDB00663046 /* guarda-sol.mp3 */ = {isa = PBXFileReference; lastKnownFileType = audio.mp3; path = "guarda-sol.mp3"; sourceTree = "<group>"; };
		BFCEA0BE2ADDCEDB00663046 /* biblia.mp3 */ = {isa = PBXFileReference; lastKnownFileType = audio.mp3; path = biblia.mp3; sourceTree = "<group>"; };
		BFCEA0BF2ADDCEDB00663046 /* mar.mp3 */ = {isa = PBXFileReference; lastKnownFileType = audio.mp3; path = mar.mp3; sourceTree = "<group>"; };
		BFCEA0C02ADDCEDB00663046 /* futebol.mp3 */ = {isa = PBXFileReference; lastKnownFileType = audio.mp3; path = futebol.mp3; sourceTree = "<group>"; };
		BFCEA0C12ADDCEDB00663046 /* o.mp3 */ = {isa = PBXFileReference; lastKnownFileType = audio.mp3; path = o.mp3; sourceTree = "<group>"; };
		BFCEA0C22ADDCEDB00663046 /* p.mp3 */ = {isa = PBXFileReference; lastKnownFileType = audio.mp3; path = p.mp3; sourceTree = "<group>"; };
		BFCEA0C32ADDCEDB00663046 /* s.mp3 */ = {isa = PBXFileReference; lastKnownFileType = audio.mp3; path = s.mp3; sourceTree = "<group>"; };
		BFCEA0C42ADDCEDB00663046 /* fogao.mp3 */ = {isa = PBXFileReference; lastKnownFileType = audio.mp3; path = fogao.mp3; sourceTree = "<group>"; };
		BFCEA0C52ADDCEDB00663046 /* caderno.mp3 */ = {isa = PBXFileReference; lastKnownFileType = audio.mp3; path = caderno.mp3; sourceTree = "<group>"; };
		BFCEA0C62ADDCEDB00663046 /* bateria.mp3 */ = {isa = PBXFileReference; lastKnownFileType = audio.mp3; path = bateria.mp3; sourceTree = "<group>"; };
		BFCEA0C72ADDCEDB00663046 /* escada-rolante.mp3 */ = {isa = PBXFileReference; lastKnownFileType = audio.mp3; path = "escada-rolante.mp3"; sourceTree = "<group>"; };
		BFCEA0C82ADDCEDB00663046 /* g.mp3 */ = {isa = PBXFileReference; lastKnownFileType = audio.mp3; path = g.mp3; sourceTree = "<group>"; };
		BFCEA0C92ADDCEDB00663046 /* praca-alimentacao.mp3 */ = {isa = PBXFileReference; lastKnownFileType = audio.mp3; path = "praca-alimentacao.mp3"; sourceTree = "<group>"; };
		BFCEA0CA2ADDCEDB00663046 /* boia.mp3 */ = {isa = PBXFileReference; lastKnownFileType = audio.mp3; path = boia.mp3; sourceTree = "<group>"; };
		BFCEA0CB2ADDCEDB00663046 /* borracha.mp3 */ = {isa = PBXFileReference; lastKnownFileType = audio.mp3; path = borracha.mp3; sourceTree = "<group>"; };
		BFCEA0CC2ADDCEDC00663046 /* trovao.mp3 */ = {isa = PBXFileReference; lastKnownFileType = audio.mp3; path = trovao.mp3; sourceTree = "<group>"; };
		BFCEA0CD2ADDCEDC00663046 /* cortina.mp3 */ = {isa = PBXFileReference; lastKnownFileType = audio.mp3; path = cortina.mp3; sourceTree = "<group>"; };
		BFCEA0CE2ADDCEDC00663046 /* gato.mp3 */ = {isa = PBXFileReference; lastKnownFileType = audio.mp3; path = gato.mp3; sourceTree = "<group>"; };
		BFCEA0CF2ADDCEDC00663046 /* b.mp3 */ = {isa = PBXFileReference; lastKnownFileType = audio.mp3; path = b.mp3; sourceTree = "<group>"; };
		BFCEA0D02ADDCEDC00663046 /* controle-remoto.mp3 */ = {isa = PBXFileReference; lastKnownFileType = audio.mp3; path = "controle-remoto.mp3"; sourceTree = "<group>"; };
		BFCEA0D12ADDCEDC00663046 /* chuveiro.mp3 */ = {isa = PBXFileReference; lastKnownFileType = audio.mp3; path = chuveiro.mp3; sourceTree = "<group>"; };
		BFCEA0D22ADDCEDC00663046 /* elevador.mp3 */ = {isa = PBXFileReference; lastKnownFileType = audio.mp3; path = elevador.mp3; sourceTree = "<group>"; };
		BFCEA0D32ADDCEDC00663046 /* telefone.mp3 */ = {isa = PBXFileReference; lastKnownFileType = audio.mp3; path = telefone.mp3; sourceTree = "<group>"; };
		BFCEA0D42ADDCEDC00663046 /* piquenique.mp3 */ = {isa = PBXFileReference; lastKnownFileType = audio.mp3; path = piquenique.mp3; sourceTree = "<group>"; };
		BFCEA0D52ADDCEDC00663046 /* relogio.mp3 */ = {isa = PBXFileReference; lastKnownFileType = audio.mp3; path = relogio.mp3; sourceTree = "<group>"; };
		BFCEA0D62ADDCEDC00663046 /* biquini.mp3 */ = {isa = PBXFileReference; lastKnownFileType = audio.mp3; path = biquini.mp3; sourceTree = "<group>"; };
		BFCEA0D72ADDCEDC00663046 /* areia.mp3 */ = {isa = PBXFileReference; lastKnownFileType = audio.mp3; path = areia.mp3; sourceTree = "<group>"; };
		BFCEA0D82ADDCEDC00663046 /* caneta.mp3 */ = {isa = PBXFileReference; lastKnownFileType = audio.mp3; path = caneta.mp3; sourceTree = "<group>"; };
		BFCEA0D92ADDCEDC00663046 /* a.mp3 */ = {isa = PBXFileReference; lastKnownFileType = audio.mp3; path = a.mp3; sourceTree = "<group>"; };
		BFCEA0DA2ADDCEDC00663046 /* bola.mp3 */ = {isa = PBXFileReference; lastKnownFileType = audio.mp3; path = bola.mp3; sourceTree = "<group>"; };
		BFE802632ACB316800A33A7B /* ExerciseSoundButton.swift */ = {isa = PBXFileReference; lastKnownFileType = sourcecode.swift; path = ExerciseSoundButton.swift; sourceTree = "<group>"; };
		BFF53F6E2AD5E70700AFA543 /* FrogTalking.swift */ = {isa = PBXFileReference; lastKnownFileType = sourcecode.swift; path = FrogTalking.swift; sourceTree = "<group>"; };
		BFF53F702AD5EBD000AFA543 /* LessonView.swift */ = {isa = PBXFileReference; lastKnownFileType = sourcecode.swift; path = LessonView.swift; sourceTree = "<group>"; };
		BFF8159A2ABE0D1A00ACF5A7 /* Soundfy.app */ = {isa = PBXFileReference; explicitFileType = wrapper.application; includeInIndex = 0; path = Soundfy.app; sourceTree = BUILT_PRODUCTS_DIR; };
		BFF8159D2ABE0D1A00ACF5A7 /* SoundfyApp.swift */ = {isa = PBXFileReference; lastKnownFileType = sourcecode.swift; path = SoundfyApp.swift; sourceTree = "<group>"; };
		BFF8159F2ABE0D1A00ACF5A7 /* ContentView.swift */ = {isa = PBXFileReference; lastKnownFileType = sourcecode.swift; path = ContentView.swift; sourceTree = "<group>"; };
		BFF815A12ABE0D1A00ACF5A7 /* Assets.xcassets */ = {isa = PBXFileReference; lastKnownFileType = folder.assetcatalog; path = Assets.xcassets; sourceTree = "<group>"; };
		BFF815A42ABE0D1A00ACF5A7 /* Preview Assets.xcassets */ = {isa = PBXFileReference; lastKnownFileType = folder.assetcatalog; path = "Preview Assets.xcassets"; sourceTree = "<group>"; };
		E53720D72AC60C1E00579F6C /* AlternativeButton.swift */ = {isa = PBXFileReference; lastKnownFileType = sourcecode.swift; path = AlternativeButton.swift; sourceTree = "<group>"; };
		E53720D92AC60D6400579F6C /* PlayButton.swift */ = {isa = PBXFileReference; lastKnownFileType = sourcecode.swift; path = PlayButton.swift; sourceTree = "<group>"; };
		E53720DD2AC74DDE00579F6C /* SoundButton.swift */ = {isa = PBXFileReference; lastKnownFileType = sourcecode.swift; path = SoundButton.swift; sourceTree = "<group>"; };
		E5A22C4E2ACB60AE0079C432 /* Quicksand-Bold.ttf */ = {isa = PBXFileReference; lastKnownFileType = file; path = "Quicksand-Bold.ttf"; sourceTree = "<group>"; };
		E5A22C4F2ACB60AF0079C432 /* Quicksand-Regular.ttf */ = {isa = PBXFileReference; lastKnownFileType = file; path = "Quicksand-Regular.ttf"; sourceTree = "<group>"; };
		E5AB74422AC21F8A00006406 /* TrailView.swift */ = {isa = PBXFileReference; lastKnownFileType = sourcecode.swift; path = TrailView.swift; sourceTree = "<group>"; };
		E5AB74442AC21F9B00006406 /* ProfileView.swift */ = {isa = PBXFileReference; lastKnownFileType = sourcecode.swift; path = ProfileView.swift; sourceTree = "<group>"; };
		E5B719B32AD73EB900449687 /* vazio.mp3 */ = {isa = PBXFileReference; lastKnownFileType = audio.mp3; path = vazio.mp3; sourceTree = "<group>"; };
/* End PBXFileReference section */

/* Begin PBXFrameworksBuildPhase section */
		BFF815972ABE0D1A00ACF5A7 /* Frameworks */ = {
			isa = PBXFrameworksBuildPhase;
			buildActionMask = 2147483647;
			files = (
			);
			runOnlyForDeploymentPostprocessing = 0;
		};
/* End PBXFrameworksBuildPhase section */

/* Begin PBXGroup section */
		BF16851F2AC7398500D5D7E3 /* Learning */ = {
			isa = PBXGroup;
			children = (
				BF591E502AC4CAC600A1F002 /* PhaseManagerView.swift */,
				BFF53F702AD5EBD000AFA543 /* LessonView.swift */,
				BF16851B2AC710CF00D5D7E3 /* ExerciseView.swift */,
				BF1685202AC73A3800D5D7E3 /* FineshedView.swift */,
			);
			path = Learning;
			sourceTree = "<group>";
		};
		BF3147032AC208EA00CCFEE5 /* Components */ = {
			isa = PBXGroup;
			children = (
				BF947DDB2ACF3EA60048BD67 /* buttons */,
				BF3147042AC208FA00CCFEE5 /* SectionView.swift */,
				BF16851D2AC7117100D5D7E3 /* ProgressBar.swift */,
				BFF53F6E2AD5E70700AFA543 /* FrogTalking.swift */,
			);
			path = Components;
			sourceTree = "<group>";
		};
		BF5208512ABE29A700FB9F5C /* Models */ = {
			isa = PBXGroup;
			children = (
				BF52085C2ABE2B9100FB9F5C /* Section.swift */,
				BF52085A2ABE2A6E00FB9F5C /* Phase.swift */,
				BF3146F32AC1F2E900CCFEE5 /* Lesson.swift */,
				BF3146F52AC1F37E00CCFEE5 /* Exercise.swift */,
				BF3146FA2AC1FB4000CCFEE5 /* Alternative.swift */,
			);
			path = Models;
			sourceTree = "<group>";
		};
		BF5208522ABE29AB00FB9F5C /* Controllers */ = {
			isa = PBXGroup;
			children = (
				BF3147012AC1FFD100CCFEE5 /* ContentController.swift */,
				BF591E4C2AC4C07300A1F002 /* ProfileController.swift */,
				BF08A4482ACCC4D000B50DE2 /* ProgressionController.swift */,
			);
			path = Controllers;
			sourceTree = "<group>";
		};
		BF5208532ABE29B300FB9F5C /* Views */ = {
			isa = PBXGroup;
			children = (
				BF591E4E2AC4C18000A1F002 /* HomeView.swift */,
				E5AB74442AC21F9B00006406 /* ProfileView.swift */,
				E5AB74422AC21F8A00006406 /* TrailView.swift */,
				BF16851F2AC7398500D5D7E3 /* Learning */,
				BF3147032AC208EA00CCFEE5 /* Components */,
			);
			path = Views;
			sourceTree = "<group>";
		};
		BF947DDB2ACF3EA60048BD67 /* buttons */ = {
			isa = PBXGroup;
			children = (
				BF7646E22AC35841002AD16C /* PhaseButton.swift */,
				E53720D92AC60D6400579F6C /* PlayButton.swift */,
				E53720DD2AC74DDE00579F6C /* SoundButton.swift */,
				E53720D72AC60C1E00579F6C /* AlternativeButton.swift */,
				BFE802632ACB316800A33A7B /* ExerciseSoundButton.swift */,
			);
			path = buttons;
			sourceTree = "<group>";
		};
		BFF815912ABE0D1A00ACF5A7 = {
			isa = PBXGroup;
			children = (
				BFF8159C2ABE0D1A00ACF5A7 /* Soundfy */,
				BFF8159B2ABE0D1A00ACF5A7 /* Products */,
			);
			sourceTree = "<group>";
		};
		BFF8159B2ABE0D1A00ACF5A7 /* Products */ = {
			isa = PBXGroup;
			children = (
				BFF8159A2ABE0D1A00ACF5A7 /* Soundfy.app */,
			);
			name = Products;
			sourceTree = "<group>";
		};
		BFF8159C2ABE0D1A00ACF5A7 /* Soundfy */ = {
			isa = PBXGroup;
			children = (
				E5C72D1A2ACF8F27005A8137 /* Sons */,
				E5A22C4D2ACB60980079C432 /* Fonts */,
				BF5208532ABE29B300FB9F5C /* Views */,
				BF5208522ABE29AB00FB9F5C /* Controllers */,
				BF5208512ABE29A700FB9F5C /* Models */,
				BFF8159D2ABE0D1A00ACF5A7 /* SoundfyApp.swift */,
				BFF8159F2ABE0D1A00ACF5A7 /* ContentView.swift */,
				BFF815A12ABE0D1A00ACF5A7 /* Assets.xcassets */,
				BF08A44A2ACDDEFD00B50DE2 /* ProgressionModel.xcdatamodeld */,
				BFF815A32ABE0D1A00ACF5A7 /* Preview Content */,
			);
			path = Soundfy;
			sourceTree = "<group>";
		};
		BFF815A32ABE0D1A00ACF5A7 /* Preview Content */ = {
			isa = PBXGroup;
			children = (
				BFF815A42ABE0D1A00ACF5A7 /* Preview Assets.xcassets */,
			);
			path = "Preview Content";
			sourceTree = "<group>";
		};
		E5A22C4D2ACB60980079C432 /* Fonts */ = {
			isa = PBXGroup;
			children = (
				E5A22C4E2ACB60AE0079C432 /* Quicksand-Bold.ttf */,
				E5A22C4F2ACB60AF0079C432 /* Quicksand-Regular.ttf */,
			);
			path = Fonts;
			sourceTree = "<group>";
		};
		E5C72D1A2ACF8F27005A8137 /* Sons */ = {
			isa = PBXGroup;
			children = (
				BFCEA0D92ADDCEDC00663046 /* a.mp3 */,
				BFCEA0B12ADDCEDB00663046 /* abajur.mp3 */,
				BFCEA0832ADDCED900663046 /* alarme.mp3 */,
				BFCEA0A62ADDCEDA00663046 /* algodao-doce.mp3 */,
				BFCEA09D2ADDCEDA00663046 /* almofada.mp3 */,
				BFCEA0D72ADDCEDC00663046 /* areia.mp3 */,
				BFCEA0992ADDCEDA00663046 /* armario.mp3 */,
				BFCEA0912ADDCEDA00663046 /* arvore.mp3 */,
				BFCEA07C2ADDCED900663046 /* aviao.mp3 */,
				BFCEA0CF2ADDCEDC00663046 /* b.mp3 */,
				BFCEA08E2ADDCEDA00663046 /* banco.mp3 */,
				BFCEA0952ADDCEDA00663046 /* basqete.mp3 */,
				BFCEA0C62ADDCEDB00663046 /* bateria.mp3 */,
				BFCEA0BE2ADDCEDB00663046 /* biblia.mp3 */,
				BFCEA0AB2ADDCEDB00663046 /* bicicleta.mp3 */,
				BFCEA0D62ADDCEDC00663046 /* biquini.mp3 */,
				BFCEA0CA2ADDCEDB00663046 /* boia.mp3 */,
				BFCEA0DA2ADDCEDC00663046 /* bola.mp3 */,
				BFCEA0CB2ADDCEDB00663046 /* borracha.mp3 */,
				BFCEA0A72ADDCEDA00663046 /* buzina.mp3 */,
				BFCEA06B2ADDCED900663046 /* c.mp3 */,
				BFCEA09F2ADDCEDA00663046 /* cabra.mp3 */,
				BFCEA0732ADDCED900663046 /* cadeiras.mp3 */,
				BFCEA0C52ADDCEDB00663046 /* caderno.mp3 */,
				BFCEA0702ADDCED900663046 /* cama.mp3 */,
				BFCEA0B92ADDCEDB00663046 /* campainha.mp3 */,
				BFCEA0D82ADDCEDC00663046 /* caneta.mp3 */,
				BFCEA0742ADDCED900663046 /* carteira.mp3 */,
				BFCEA0B82ADDCEDB00663046 /* cesta.mp3 */,
				BFCEA09C2ADDCEDA00663046 /* chuva.mp3 */,
				BFCEA0D12ADDCEDC00663046 /* chuveiro.mp3 */,
				BFCEA0712ADDCED900663046 /* colchao.mp3 */,
				BFCEA0B32ADDCEDB00663046 /* coler.mp3 */,
				BFCEA0852ADDCED900663046 /* condicionador.mp3 */,
				BFCEA0D02ADDCEDC00663046 /* controle-remoto.mp3 */,
				BFCEA0862ADDCED900663046 /* copo.mp3 */,
				BFCEA0CD2ADDCEDC00663046 /* cortina.mp3 */,
				BFCEA0BB2ADDCEDB00663046 /* cruz.mp3 */,
				BFCEA08C2ADDCEDA00663046 /* d.mp3 */,
				BFCEA0792ADDCED900663046 /* e.mp3 */,
				BFCEA0D22ADDCEDC00663046 /* elevador.mp3 */,
				BFCEA0C72ADDCEDB00663046 /* escada-rolante.mp3 */,
				BFCEA0BA2ADDCEDB00663046 /* espelho.mp3 */,
				BFCEA0812ADDCED900663046 /* estacionamento.mp3 */,
				BFCEA07E2ADDCED900663046 /* estojo.mp3 */,
				BFCEA0AE2ADDCEDB00663046 /* f.mp3 */,
				BFCEA07B2ADDCED900663046 /* faca.mp3 */,
				BFCEA0A82ADDCEDA00663046 /* flauta.mp3 */,
				BFCEA0C42ADDCEDB00663046 /* fogao.mp3 */,
				BFCEA0C02ADDCEDB00663046 /* futebol.mp3 */,
				BFCEA0C82ADDCEDB00663046 /* g.mp3 */,
				BFCEA0B42ADDCEDB00663046 /* galinha.mp3 */,
				BFCEA0AF2ADDCEDB00663046 /* garfo.mp3 */,
				BFCEA0CE2ADDCEDC00663046 /* gato.mp3 */,
				BFCEA0802ADDCED900663046 /* geladeira.mp3 */,
				BFCEA0BD2ADDCEDB00663046 /* guarda-sol.mp3 */,
				BF675AA92ADEFC46003EC42F /* guitarra.mp3 */,
				BFCEA0A52ADDCEDA00663046 /* i.mp3 */,
				BFCEA07D2ADDCED900663046 /* j.mp3 */,
				BFCEA0AA2ADDCEDA00663046 /* k.mp3 */,
				BFCEA0782ADDCED900663046 /* l.mp3 */,
				BFCEA0922ADDCEDA00663046 /* lago.mp3 */,
				BFCEA0982ADDCEDA00663046 /* lapis.mp3 */,
				BFCEA0A02ADDCEDA00663046 /* lojas.mp3 */,
				BFCEA0722ADDCED900663046 /* lousa.mp3 */,
				BFCEA06C2ADDCED900663046 /* m.mp3 */,
				BFCEA0BF2ADDCEDB00663046 /* mar.mp3 */,
				BFCEA0882ADDCEDA00663046 /* mesa.mp3 */,
				BFCEA0762ADDCED900663046 /* microfone.mp3 */,
				BFCEA0842ADDCED900663046 /* moxila.mp3 */,
				BFCEA0B62ADDCEDB00663046 /* musica.mp3 */,
				BFCEA06D2ADDCED900663046 /* n.mp3 */,
				BFCEA0C12ADDCEDB00663046 /* o.mp3 */,
				BFCEA0892ADDCEDA00663046 /* onda.mp3 */,
				BFCEA0A92ADDCEDA00663046 /* ovelha.mp3 */,
				BFCEA0C22ADDCEDB00663046 /* p.mp3 */,
				BFCEA0772ADDCED900663046 /* panela.mp3 */,
				BFCEA0822ADDCED900663046 /* papel-higienico.mp3 */,
				BFCEA09E2ADDCEDA00663046 /* piano.mp3 */,
				BFCEA0D42ADDCEDC00663046 /* piquenique.mp3 */,
				BFCEA06E2ADDCED900663046 /* porco.mp3 */,
				BFCEA0C92ADDCEDB00663046 /* praca-alimentacao.mp3 */,
				BFCEA0972ADDCEDA00663046 /* presentes.mp3 */,
				BFCEA0B72ADDCEDB00663046 /* privada.mp3 */,
				BFCEA06A2ADDCED900663046 /* q.mp3 */,
				BFCEA0A32ADDCEDA00663046 /* quadro.mp3 */,
				BFCEA0752ADDCED900663046 /* r.mp3 */,
				BFCEA0D52ADDCEDC00663046 /* relogio.mp3 */,
				BFCEA0AD2ADDCEDB00663046 /* roupas.mp3 */,
				BFCEA0C32ADDCEDB00663046 /* s.mp3 */,
				BFCEA0962ADDCEDA00663046 /* sabonete.mp3 */,
				BFCEA0A42ADDCEDA00663046 /* sapatos.mp3 */,
				BFCEA09B2ADDCEDA00663046 /* shampoo.mp3 */,
				BFCEA08B2ADDCEDA00663046 /* sino.mp3 */,
				BFCEA0B22ADDCEDB00663046 /* sofa.mp3 */,
				BFCEA0932ADDCEDA00663046 /* sol.mp3 */,
				BFCEA0A12ADDCEDA00663046 /* sorvete.mp3 */,
				BFCEA0B52ADDCEDB00663046 /* t.mp3 */,
				BFCEA08D2ADDCEDA00663046 /* tapete.mp3 */,
				BFCEA06F2ADDCED900663046 /* teclado.mp3 */,
				BFCEA0D32ADDCEDC00663046 /* telefone.mp3 */,
				BFCEA07A2ADDCED900663046 /* televisao.mp3 */,
				BFCEA08A2ADDCEDA00663046 /* tigre.mp3 */,
				BFCEA0A22ADDCEDA00663046 /* toalha.mp3 */,
				BFCEA0872ADDCEDA00663046 /* travesseiro.mp3 */,
				BFCEA0CC2ADDCEDC00663046 /* trovao.mp3 */,
				BFCEA0942ADDCEDA00663046 /* u.mp3 */,
				BFCEA0AC2ADDCEDB00663046 /* v.mp3 */,
				BFCEA09A2ADDCEDA00663046 /* vaca.mp3 */,
				BFCEA08F2ADDCEDA00663046 /* vento.mp3 */,
				BFCEA0B02ADDCEDB00663046 /* volei.mp3 */,
				BFCEA0BC2ADDCEDB00663046 /* x.mp3 */,
				BFCEA07F2ADDCED900663046 /* z.mp3 */,
				E5B719B32AD73EB900449687 /* vazio.mp3 */,
			);
			path = Sons;
			sourceTree = "<group>";
		};
/* End PBXGroup section */

/* Begin PBXNativeTarget section */
		BFF815992ABE0D1A00ACF5A7 /* Soundfy */ = {
			isa = PBXNativeTarget;
			buildConfigurationList = BFF815A82ABE0D1A00ACF5A7 /* Build configuration list for PBXNativeTarget "Soundfy" */;
			buildPhases = (
				BFF815962ABE0D1A00ACF5A7 /* Sources */,
				BFF815972ABE0D1A00ACF5A7 /* Frameworks */,
				BFF815982ABE0D1A00ACF5A7 /* Resources */,
			);
			buildRules = (
			);
			dependencies = (
			);
			name = Soundfy;
			productName = Soundfy;
			productReference = BFF8159A2ABE0D1A00ACF5A7 /* Soundfy.app */;
			productType = "com.apple.product-type.application";
		};
/* End PBXNativeTarget section */

/* Begin PBXProject section */
		BFF815922ABE0D1A00ACF5A7 /* Project object */ = {
			isa = PBXProject;
			attributes = {
				BuildIndependentTargetsInParallel = 1;
				LastSwiftUpdateCheck = 1430;
				LastUpgradeCheck = 1430;
				TargetAttributes = {
					BFF815992ABE0D1A00ACF5A7 = {
						CreatedOnToolsVersion = 14.3.1;
					};
				};
			};
			buildConfigurationList = BFF815952ABE0D1A00ACF5A7 /* Build configuration list for PBXProject "Soundfy" */;
			compatibilityVersion = "Xcode 14.0";
			developmentRegion = "pt-BR";
			hasScannedForEncodings = 0;
			knownRegions = (
				Base,
				"pt-BR",
			);
			mainGroup = BFF815912ABE0D1A00ACF5A7;
			productRefGroup = BFF8159B2ABE0D1A00ACF5A7 /* Products */;
			projectDirPath = "";
			projectRoot = "";
			targets = (
				BFF815992ABE0D1A00ACF5A7 /* Soundfy */,
			);
		};
/* End PBXProject section */

/* Begin PBXResourcesBuildPhase section */
		BFF815982ABE0D1A00ACF5A7 /* Resources */ = {
			isa = PBXResourcesBuildPhase;
			buildActionMask = 2147483647;
			files = (
				BFCEA1422ADDCEDC00663046 /* chuveiro.mp3 in Resources */,
				BFCEA0DD2ADDCEDC00663046 /* m.mp3 in Resources */,
				BFCEA0DB2ADDCEDC00663046 /* q.mp3 in Resources */,
				BFCEA0FA2ADDCEDC00663046 /* onda.mp3 in Resources */,
				BFCEA1322ADDCEDC00663046 /* o.mp3 in Resources */,
				BFCEA10C2ADDCEDC00663046 /* shampoo.mp3 in Resources */,
				BFCEA11E2ADDCEDC00663046 /* roupas.mp3 in Resources */,
				BFCEA1392ADDCEDC00663046 /* g.mp3 in Resources */,
				BFCEA1222ADDCEDC00663046 /* abajur.mp3 in Resources */,
				BFCEA1152ADDCEDC00663046 /* sapatos.mp3 in Resources */,
				BFCEA0E22ADDCEDC00663046 /* colchao.mp3 in Resources */,
				BFCEA1332ADDCEDC00663046 /* p.mp3 in Resources */,
				BFCEA0E32ADDCEDC00663046 /* lousa.mp3 in Resources */,
				BFCEA0E42ADDCEDC00663046 /* cadeiras.mp3 in Resources */,
				BFCEA11B2ADDCEDC00663046 /* k.mp3 in Resources */,
				BFCEA12D2ADDCEDC00663046 /* x.mp3 in Resources */,
				BFCEA1442ADDCEDC00663046 /* telefone.mp3 in Resources */,
				BFCEA11D2ADDCEDC00663046 /* v.mp3 in Resources */,
				BFCEA1452ADDCEDC00663046 /* piquenique.mp3 in Resources */,
				BFCEA1132ADDCEDC00663046 /* toalha.mp3 in Resources */,
				BFCEA1402ADDCEDC00663046 /* b.mp3 in Resources */,
				BFCEA0F62ADDCEDC00663046 /* condicionador.mp3 in Resources */,
				BFCEA1142ADDCEDC00663046 /* quadro.mp3 in Resources */,
				BFCEA0FD2ADDCEDC00663046 /* d.mp3 in Resources */,
				BFCEA12E2ADDCEDC00663046 /* guarda-sol.mp3 in Resources */,
				BFCEA1092ADDCEDC00663046 /* lapis.mp3 in Resources */,
				BFCEA0F12ADDCEDC00663046 /* geladeira.mp3 in Resources */,
				BFCEA1382ADDCEDC00663046 /* escada-rolante.mp3 in Resources */,
				BFCEA0EE2ADDCEDC00663046 /* j.mp3 in Resources */,
				BFCEA13E2ADDCEDC00663046 /* cortina.mp3 in Resources */,
				BFCEA1472ADDCEDC00663046 /* biquini.mp3 in Resources */,
				BFCEA1372ADDCEDC00663046 /* bateria.mp3 in Resources */,
				BFCEA13F2ADDCEDC00663046 /* gato.mp3 in Resources */,
				BFCEA1212ADDCEDC00663046 /* volei.mp3 in Resources */,
				BFCEA0EB2ADDCEDC00663046 /* televisao.mp3 in Resources */,
				BFCEA0E52ADDCEDC00663046 /* carteira.mp3 in Resources */,
				BFCEA10E2ADDCEDC00663046 /* almofada.mp3 in Resources */,
				BFCEA0ED2ADDCEDC00663046 /* aviao.mp3 in Resources */,
				BFCEA1112ADDCEDC00663046 /* lojas.mp3 in Resources */,
				BFCEA1182ADDCEDC00663046 /* buzina.mp3 in Resources */,
				BFCEA1302ADDCEDC00663046 /* mar.mp3 in Resources */,
				BFCEA14B2ADDCEDC00663046 /* bola.mp3 in Resources */,
				BFCEA1292ADDCEDC00663046 /* cesta.mp3 in Resources */,
				BFCEA0DF2ADDCEDC00663046 /* porco.mp3 in Resources */,
				BFCEA1032ADDCEDC00663046 /* lago.mp3 in Resources */,
				BFCEA0EF2ADDCEDC00663046 /* estojo.mp3 in Resources */,
				BFCEA10F2ADDCEDC00663046 /* piano.mp3 in Resources */,
				BFCEA0FC2ADDCEDC00663046 /* sino.mp3 in Resources */,
				BFCEA13B2ADDCEDC00663046 /* boia.mp3 in Resources */,
				BFCEA0F82ADDCEDC00663046 /* travesseiro.mp3 in Resources */,
				BFCEA1202ADDCEDC00663046 /* garfo.mp3 in Resources */,
				BFCEA1162ADDCEDC00663046 /* i.mp3 in Resources */,
				BFCEA1232ADDCEDC00663046 /* sofa.mp3 in Resources */,
				BFCEA0F22ADDCEDC00663046 /* estacionamento.mp3 in Resources */,
				BFCEA14A2ADDCEDC00663046 /* a.mp3 in Resources */,
				BFCEA0E62ADDCEDC00663046 /* r.mp3 in Resources */,
				BFF815A52ABE0D1A00ACF5A7 /* Preview Assets.xcassets in Resources */,
				BFCEA12A2ADDCEDC00663046 /* campainha.mp3 in Resources */,
				BFCEA0F32ADDCEDC00663046 /* papel-higienico.mp3 in Resources */,
				BFCEA13D2ADDCEDC00663046 /* trovao.mp3 in Resources */,
				E5B719B42AD73EB900449687 /* vazio.mp3 in Resources */,
				BFCEA13A2ADDCEDC00663046 /* praca-alimentacao.mp3 in Resources */,
				BFCEA1062ADDCEDC00663046 /* basqete.mp3 in Resources */,
				BFCEA1052ADDCEDC00663046 /* u.mp3 in Resources */,
				BFCEA13C2ADDCEDC00663046 /* borracha.mp3 in Resources */,
				BFCEA0E02ADDCEDC00663046 /* teclado.mp3 in Resources */,
				BFCEA1352ADDCEDC00663046 /* fogao.mp3 in Resources */,
				BFCEA0F92ADDCEDC00663046 /* mesa.mp3 in Resources */,
				BFCEA1252ADDCEDC00663046 /* galinha.mp3 in Resources */,
				BFCEA10D2ADDCEDC00663046 /* chuva.mp3 in Resources */,
				BFCEA1022ADDCEDC00663046 /* arvore.mp3 in Resources */,
				BFCEA0FB2ADDCEDC00663046 /* tigre.mp3 in Resources */,
				BFCEA1192ADDCEDC00663046 /* flauta.mp3 in Resources */,
				BFCEA0F52ADDCEDC00663046 /* moxila.mp3 in Resources */,
				BFCEA1072ADDCEDC00663046 /* sabonete.mp3 in Resources */,
				BFCEA1002ADDCEDC00663046 /* vento.mp3 in Resources */,
				BFCEA11C2ADDCEDC00663046 /* bicicleta.mp3 in Resources */,
				BFCEA0F02ADDCEDC00663046 /* z.mp3 in Resources */,
				BFCEA0E92ADDCEDC00663046 /* l.mp3 in Resources */,
				E5A22C502ACB618C0079C432 /* Quicksand-Regular.ttf in Resources */,
				BFF815A22ABE0D1A00ACF5A7 /* Assets.xcassets in Resources */,
				BFCEA1362ADDCEDC00663046 /* caderno.mp3 in Resources */,
				BFCEA1282ADDCEDC00663046 /* privada.mp3 in Resources */,
				BFCEA12B2ADDCEDC00663046 /* espelho.mp3 in Resources */,
				BFCEA1272ADDCEDC00663046 /* musica.mp3 in Resources */,
				BFCEA1492ADDCEDC00663046 /* caneta.mp3 in Resources */,
				BFCEA11A2ADDCEDC00663046 /* ovelha.mp3 in Resources */,
				BFCEA1242ADDCEDC00663046 /* coler.mp3 in Resources */,
				BFCEA1262ADDCEDC00663046 /* t.mp3 in Resources */,
				BFCEA0FF2ADDCEDC00663046 /* banco.mp3 in Resources */,
				BFCEA1312ADDCEDC00663046 /* futebol.mp3 in Resources */,
				BFCEA1432ADDCEDC00663046 /* elevador.mp3 in Resources */,
				BFCEA0EC2ADDCEDC00663046 /* faca.mp3 in Resources */,
				BFCEA1082ADDCEDC00663046 /* presentes.mp3 in Resources */,
				BFCEA0E72ADDCEDC00663046 /* microfone.mp3 in Resources */,
				BFCEA1462ADDCEDC00663046 /* relogio.mp3 in Resources */,
				BFCEA1042ADDCEDC00663046 /* sol.mp3 in Resources */,
				BFCEA0E12ADDCEDC00663046 /* cama.mp3 in Resources */,
				BFCEA0FE2ADDCEDC00663046 /* tapete.mp3 in Resources */,
				BFCEA11F2ADDCEDC00663046 /* f.mp3 in Resources */,
				BFCEA12C2ADDCEDC00663046 /* cruz.mp3 in Resources */,
				BFCEA0DE2ADDCEDC00663046 /* n.mp3 in Resources */,
				BFCEA0DC2ADDCEDC00663046 /* c.mp3 in Resources */,
				BFCEA10B2ADDCEDC00663046 /* vaca.mp3 in Resources */,
				BFCEA1482ADDCEDC00663046 /* areia.mp3 in Resources */,
				BFCEA10A2ADDCEDC00663046 /* armario.mp3 in Resources */,
				BFCEA0F42ADDCEDC00663046 /* alarme.mp3 in Resources */,
				BFCEA0EA2ADDCEDC00663046 /* e.mp3 in Resources */,
				BFCEA1342ADDCEDC00663046 /* s.mp3 in Resources */,
				BFCEA0E82ADDCEDC00663046 /* panela.mp3 in Resources */,
				E5A22C512ACB618E0079C432 /* Quicksand-Bold.ttf in Resources */,
				BFCEA1412ADDCEDC00663046 /* controle-remoto.mp3 in Resources */,
				BFCEA1102ADDCEDC00663046 /* cabra.mp3 in Resources */,
				BFCEA1172ADDCEDC00663046 /* algodao-doce.mp3 in Resources */,
				BFCEA0F72ADDCEDC00663046 /* copo.mp3 in Resources */,
				BF675AAA2ADEFC46003EC42F /* guitarra.mp3 in Resources */,
				BFCEA1122ADDCEDC00663046 /* sorvete.mp3 in Resources */,
				BFCEA12F2ADDCEDC00663046 /* biblia.mp3 in Resources */,
			);
			runOnlyForDeploymentPostprocessing = 0;
		};
/* End PBXResourcesBuildPhase section */

/* Begin PBXSourcesBuildPhase section */
		BFF815962ABE0D1A00ACF5A7 /* Sources */ = {
			isa = PBXSourcesBuildPhase;
			buildActionMask = 2147483647;
			files = (
				BF591E512AC4CAC600A1F002 /* PhaseManagerView.swift in Sources */,
				BFF815A02ABE0D1A00ACF5A7 /* ContentView.swift in Sources */,
				BFE802642ACB316800A33A7B /* ExerciseSoundButton.swift in Sources */,
				BF3146F62AC1F37E00CCFEE5 /* Exercise.swift in Sources */,
				BF08A44C2ACDDEFD00B50DE2 /* ProgressionModel.xcdatamodeld in Sources */,
				BF3147052AC208FA00CCFEE5 /* SectionView.swift in Sources */,
				BF08A4492ACCC4D000B50DE2 /* ProgressionController.swift in Sources */,
				BFF53F6F2AD5E70700AFA543 /* FrogTalking.swift in Sources */,
				BF52085D2ABE2B9100FB9F5C /* Section.swift in Sources */,
				BF3147022AC1FFD100CCFEE5 /* ContentController.swift in Sources */,
				BF7646E32AC35841002AD16C /* PhaseButton.swift in Sources */,
				E53720DE2AC74DDE00579F6C /* SoundButton.swift in Sources */,
				BF1685212AC73A3800D5D7E3 /* FineshedView.swift in Sources */,
				E53720DA2AC60D6400579F6C /* PlayButton.swift in Sources */,
				BF3146FB2AC1FB4000CCFEE5 /* Alternative.swift in Sources */,
				BF16851E2AC7117100D5D7E3 /* ProgressBar.swift in Sources */,
				E5AB74452AC21F9B00006406 /* ProfileView.swift in Sources */,
				BFF53F712AD5EBD000AFA543 /* LessonView.swift in Sources */,
				BF16851C2AC710CF00D5D7E3 /* ExerciseView.swift in Sources */,
				E5AB74432AC21F8A00006406 /* TrailView.swift in Sources */,
				BF52085B2ABE2A6E00FB9F5C /* Phase.swift in Sources */,
				BFF8159E2ABE0D1A00ACF5A7 /* SoundfyApp.swift in Sources */,
				BF591E4F2AC4C18000A1F002 /* HomeView.swift in Sources */,
				BF3146F42AC1F2E900CCFEE5 /* Lesson.swift in Sources */,
				BF591E4D2AC4C07300A1F002 /* ProfileController.swift in Sources */,
				E53720D82AC60C1E00579F6C /* AlternativeButton.swift in Sources */,
			);
			runOnlyForDeploymentPostprocessing = 0;
		};
/* End PBXSourcesBuildPhase section */

/* Begin XCBuildConfiguration section */
		BFF815A62ABE0D1A00ACF5A7 /* Debug */ = {
			isa = XCBuildConfiguration;
			buildSettings = {
				ALWAYS_SEARCH_USER_PATHS = NO;
				CLANG_ANALYZER_NONNULL = YES;
				CLANG_ANALYZER_NUMBER_OBJECT_CONVERSION = YES_AGGRESSIVE;
				CLANG_CXX_LANGUAGE_STANDARD = "gnu++20";
				CLANG_ENABLE_MODULES = YES;
				CLANG_ENABLE_OBJC_ARC = YES;
				CLANG_ENABLE_OBJC_WEAK = YES;
				CLANG_WARN_BLOCK_CAPTURE_AUTORELEASING = YES;
				CLANG_WARN_BOOL_CONVERSION = YES;
				CLANG_WARN_COMMA = YES;
				CLANG_WARN_CONSTANT_CONVERSION = YES;
				CLANG_WARN_DEPRECATED_OBJC_IMPLEMENTATIONS = YES;
				CLANG_WARN_DIRECT_OBJC_ISA_USAGE = YES_ERROR;
				CLANG_WARN_DOCUMENTATION_COMMENTS = YES;
				CLANG_WARN_EMPTY_BODY = YES;
				CLANG_WARN_ENUM_CONVERSION = YES;
				CLANG_WARN_INFINITE_RECURSION = YES;
				CLANG_WARN_INT_CONVERSION = YES;
				CLANG_WARN_NON_LITERAL_NULL_CONVERSION = YES;
				CLANG_WARN_OBJC_IMPLICIT_RETAIN_SELF = YES;
				CLANG_WARN_OBJC_LITERAL_CONVERSION = YES;
				CLANG_WARN_OBJC_ROOT_CLASS = YES_ERROR;
				CLANG_WARN_QUOTED_INCLUDE_IN_FRAMEWORK_HEADER = YES;
				CLANG_WARN_RANGE_LOOP_ANALYSIS = YES;
				CLANG_WARN_STRICT_PROTOTYPES = YES;
				CLANG_WARN_SUSPICIOUS_MOVE = YES;
				CLANG_WARN_UNGUARDED_AVAILABILITY = YES_AGGRESSIVE;
				CLANG_WARN_UNREACHABLE_CODE = YES;
				CLANG_WARN__DUPLICATE_METHOD_MATCH = YES;
				COPY_PHASE_STRIP = NO;
				DEBUG_INFORMATION_FORMAT = dwarf;
				ENABLE_STRICT_OBJC_MSGSEND = YES;
				ENABLE_TESTABILITY = YES;
				GCC_C_LANGUAGE_STANDARD = gnu11;
				GCC_DYNAMIC_NO_PIC = NO;
				GCC_NO_COMMON_BLOCKS = YES;
				GCC_OPTIMIZATION_LEVEL = 0;
				GCC_PREPROCESSOR_DEFINITIONS = (
					"DEBUG=1",
					"$(inherited)",
				);
				GCC_WARN_64_TO_32_BIT_CONVERSION = YES;
				GCC_WARN_ABOUT_RETURN_TYPE = YES_ERROR;
				GCC_WARN_UNDECLARED_SELECTOR = YES;
				GCC_WARN_UNINITIALIZED_AUTOS = YES_AGGRESSIVE;
				GCC_WARN_UNUSED_FUNCTION = YES;
				GCC_WARN_UNUSED_VARIABLE = YES;
				IPHONEOS_DEPLOYMENT_TARGET = 16.4;
				MTL_ENABLE_DEBUG_INFO = INCLUDE_SOURCE;
				MTL_FAST_MATH = YES;
				ONLY_ACTIVE_ARCH = YES;
				SDKROOT = iphoneos;
				SWIFT_ACTIVE_COMPILATION_CONDITIONS = DEBUG;
				SWIFT_OPTIMIZATION_LEVEL = "-Onone";
			};
			name = Debug;
		};
		BFF815A72ABE0D1A00ACF5A7 /* Release */ = {
			isa = XCBuildConfiguration;
			buildSettings = {
				ALWAYS_SEARCH_USER_PATHS = NO;
				CLANG_ANALYZER_NONNULL = YES;
				CLANG_ANALYZER_NUMBER_OBJECT_CONVERSION = YES_AGGRESSIVE;
				CLANG_CXX_LANGUAGE_STANDARD = "gnu++20";
				CLANG_ENABLE_MODULES = YES;
				CLANG_ENABLE_OBJC_ARC = YES;
				CLANG_ENABLE_OBJC_WEAK = YES;
				CLANG_WARN_BLOCK_CAPTURE_AUTORELEASING = YES;
				CLANG_WARN_BOOL_CONVERSION = YES;
				CLANG_WARN_COMMA = YES;
				CLANG_WARN_CONSTANT_CONVERSION = YES;
				CLANG_WARN_DEPRECATED_OBJC_IMPLEMENTATIONS = YES;
				CLANG_WARN_DIRECT_OBJC_ISA_USAGE = YES_ERROR;
				CLANG_WARN_DOCUMENTATION_COMMENTS = YES;
				CLANG_WARN_EMPTY_BODY = YES;
				CLANG_WARN_ENUM_CONVERSION = YES;
				CLANG_WARN_INFINITE_RECURSION = YES;
				CLANG_WARN_INT_CONVERSION = YES;
				CLANG_WARN_NON_LITERAL_NULL_CONVERSION = YES;
				CLANG_WARN_OBJC_IMPLICIT_RETAIN_SELF = YES;
				CLANG_WARN_OBJC_LITERAL_CONVERSION = YES;
				CLANG_WARN_OBJC_ROOT_CLASS = YES_ERROR;
				CLANG_WARN_QUOTED_INCLUDE_IN_FRAMEWORK_HEADER = YES;
				CLANG_WARN_RANGE_LOOP_ANALYSIS = YES;
				CLANG_WARN_STRICT_PROTOTYPES = YES;
				CLANG_WARN_SUSPICIOUS_MOVE = YES;
				CLANG_WARN_UNGUARDED_AVAILABILITY = YES_AGGRESSIVE;
				CLANG_WARN_UNREACHABLE_CODE = YES;
				CLANG_WARN__DUPLICATE_METHOD_MATCH = YES;
				COPY_PHASE_STRIP = NO;
				DEBUG_INFORMATION_FORMAT = "dwarf-with-dsym";
				ENABLE_NS_ASSERTIONS = NO;
				ENABLE_STRICT_OBJC_MSGSEND = YES;
				GCC_C_LANGUAGE_STANDARD = gnu11;
				GCC_NO_COMMON_BLOCKS = YES;
				GCC_WARN_64_TO_32_BIT_CONVERSION = YES;
				GCC_WARN_ABOUT_RETURN_TYPE = YES_ERROR;
				GCC_WARN_UNDECLARED_SELECTOR = YES;
				GCC_WARN_UNINITIALIZED_AUTOS = YES_AGGRESSIVE;
				GCC_WARN_UNUSED_FUNCTION = YES;
				GCC_WARN_UNUSED_VARIABLE = YES;
				IPHONEOS_DEPLOYMENT_TARGET = 16.4;
				MTL_ENABLE_DEBUG_INFO = NO;
				MTL_FAST_MATH = YES;
				SDKROOT = iphoneos;
				SWIFT_COMPILATION_MODE = wholemodule;
				SWIFT_OPTIMIZATION_LEVEL = "-O";
				VALIDATE_PRODUCT = YES;
			};
			name = Release;
		};
		BFF815A92ABE0D1A00ACF5A7 /* Debug */ = {
			isa = XCBuildConfiguration;
			buildSettings = {
				ASSETCATALOG_COMPILER_APPICON_NAME = AppIcon;
				ASSETCATALOG_COMPILER_GLOBAL_ACCENT_COLOR_NAME = AccentColor;
				CODE_SIGN_STYLE = Automatic;
				CURRENT_PROJECT_VERSION = 1;
				DEVELOPMENT_ASSET_PATHS = "\"Soundfy/Preview Content\"";
				DEVELOPMENT_TEAM = ACG36J6YH2;
				ENABLE_PREVIEWS = YES;
				GENERATE_INFOPLIST_FILE = YES;
				INFOPLIST_FILE = Soundfy/Info.plist;
				INFOPLIST_KEY_CFBundleDisplayName = Sapear;
				INFOPLIST_KEY_UIApplicationSceneManifest_Generation = YES;
				INFOPLIST_KEY_UIApplicationSupportsIndirectInputEvents = YES;
				INFOPLIST_KEY_UILaunchScreen_Generation = YES;
				INFOPLIST_KEY_UISupportedInterfaceOrientations = UIInterfaceOrientationPortrait;
				LD_RUNPATH_SEARCH_PATHS = (
					"$(inherited)",
					"@executable_path/Frameworks",
				);
				MARKETING_VERSION = 1.0;
				PRODUCT_BUNDLE_IDENTIFIER = gibonifacio.Sapear;
				PRODUCT_NAME = "$(TARGET_NAME)";
				SUPPORTED_PLATFORMS = "iphoneos iphonesimulator";
				SUPPORTS_MACCATALYST = NO;
				SUPPORTS_MAC_DESIGNED_FOR_IPHONE_IPAD = NO;
				SWIFT_EMIT_LOC_STRINGS = YES;
				SWIFT_VERSION = 5.0;
				TARGETED_DEVICE_FAMILY = 1;
			};
			name = Debug;
		};
		BFF815AA2ABE0D1A00ACF5A7 /* Release */ = {
			isa = XCBuildConfiguration;
			buildSettings = {
				ASSETCATALOG_COMPILER_APPICON_NAME = AppIcon;
				ASSETCATALOG_COMPILER_GLOBAL_ACCENT_COLOR_NAME = AccentColor;
				CODE_SIGN_STYLE = Automatic;
				CURRENT_PROJECT_VERSION = 1;
				DEVELOPMENT_ASSET_PATHS = "\"Soundfy/Preview Content\"";
				DEVELOPMENT_TEAM = ACG36J6YH2;
				ENABLE_PREVIEWS = YES;
				GENERATE_INFOPLIST_FILE = YES;
				INFOPLIST_FILE = Soundfy/Info.plist;
				INFOPLIST_KEY_CFBundleDisplayName = Sapear;
				INFOPLIST_KEY_UIApplicationSceneManifest_Generation = YES;
				INFOPLIST_KEY_UIApplicationSupportsIndirectInputEvents = YES;
				INFOPLIST_KEY_UILaunchScreen_Generation = YES;
				INFOPLIST_KEY_UISupportedInterfaceOrientations = UIInterfaceOrientationPortrait;
				LD_RUNPATH_SEARCH_PATHS = (
					"$(inherited)",
					"@executable_path/Frameworks",
				);
				MARKETING_VERSION = 1.0;
				PRODUCT_BUNDLE_IDENTIFIER = gibonifacio.Sapear;
				PRODUCT_NAME = "$(TARGET_NAME)";
				SUPPORTED_PLATFORMS = "iphoneos iphonesimulator";
				SUPPORTS_MACCATALYST = NO;
				SUPPORTS_MAC_DESIGNED_FOR_IPHONE_IPAD = NO;
				SWIFT_EMIT_LOC_STRINGS = YES;
				SWIFT_VERSION = 5.0;
				TARGETED_DEVICE_FAMILY = 1;
			};
			name = Release;
		};
/* End XCBuildConfiguration section */

/* Begin XCConfigurationList section */
		BFF815952ABE0D1A00ACF5A7 /* Build configuration list for PBXProject "Soundfy" */ = {
			isa = XCConfigurationList;
			buildConfigurations = (
				BFF815A62ABE0D1A00ACF5A7 /* Debug */,
				BFF815A72ABE0D1A00ACF5A7 /* Release */,
			);
			defaultConfigurationIsVisible = 0;
			defaultConfigurationName = Release;
		};
		BFF815A82ABE0D1A00ACF5A7 /* Build configuration list for PBXNativeTarget "Soundfy" */ = {
			isa = XCConfigurationList;
			buildConfigurations = (
				BFF815A92ABE0D1A00ACF5A7 /* Debug */,
				BFF815AA2ABE0D1A00ACF5A7 /* Release */,
			);
			defaultConfigurationIsVisible = 0;
			defaultConfigurationName = Release;
		};
/* End XCConfigurationList section */

/* Begin XCVersionGroup section */
		BF08A44A2ACDDEFD00B50DE2 /* ProgressionModel.xcdatamodeld */ = {
			isa = XCVersionGroup;
			children = (
				BF08A44B2ACDDEFD00B50DE2 /* ProgressionModel.xcdatamodel */,
			);
			currentVersion = BF08A44B2ACDDEFD00B50DE2 /* ProgressionModel.xcdatamodel */;
			name = ProgressionModel.xcdatamodeld;
			path = ../ProgressionModel.xcdatamodeld;
			sourceTree = "<group>";
			versionGroupType = wrapper.xcdatamodel;
		};
/* End XCVersionGroup section */
	};
	rootObject = BFF815922ABE0D1A00ACF5A7 /* Project object */;
}
